// !$*UTF8*$!
{
	archiveVersion = 1;
	classes = {
	};
	objectVersion = 50;
	objects = {

/* Begin PBXBuildFile section */
		38D6FA1221B0D73E0021DFA9 /* Ad.swift in Sources */ = {isa = PBXBuildFile; fileRef = 38D6FA1121B0D73E0021DFA9 /* Ad.swift */; };
		38E8DA1621B0C67D00661360 /* blockerList.json in Resources */ = {isa = PBXBuildFile; fileRef = 8403E07A21B08D520067CA82 /* blockerList.json */; };
		8403DFDF21B087B30067CA82 /* AppDelegate.swift in Sources */ = {isa = PBXBuildFile; fileRef = 8403DFDE21B087B30067CA82 /* AppDelegate.swift */; };
		8403DFE421B087B30067CA82 /* Main.storyboard in Resources */ = {isa = PBXBuildFile; fileRef = 8403DFE221B087B30067CA82 /* Main.storyboard */; };
		8403DFE621B087B40067CA82 /* Assets.xcassets in Resources */ = {isa = PBXBuildFile; fileRef = 8403DFE521B087B40067CA82 /* Assets.xcassets */; };
		8403DFE921B087B40067CA82 /* LaunchScreen.storyboard in Resources */ = {isa = PBXBuildFile; fileRef = 8403DFE721B087B40067CA82 /* LaunchScreen.storyboard */; };
		8403DFF421B087B40067CA82 /* adblockTests.swift in Sources */ = {isa = PBXBuildFile; fileRef = 8403DFF321B087B40067CA82 /* adblockTests.swift */; };
		8403DFFF21B087B40067CA82 /* adblockUITests.swift in Sources */ = {isa = PBXBuildFile; fileRef = 8403DFFE21B087B40067CA82 /* adblockUITests.swift */; };
		8403E01521B08A450067CA82 /* JsonManager.swift in Sources */ = {isa = PBXBuildFile; fileRef = 8403E00E21B08A440067CA82 /* JsonManager.swift */; };
		8403E01621B08A450067CA82 /* ContentBlockerManager.swift in Sources */ = {isa = PBXBuildFile; fileRef = 8403E00F21B08A440067CA82 /* ContentBlockerManager.swift */; };
		8403E01921B08A450067CA82 /* SwiftyJSON.swift in Sources */ = {isa = PBXBuildFile; fileRef = 8403E01221B08A440067CA82 /* SwiftyJSON.swift */; };
		8403E03021B08B2B0067CA82 /* RootViewController.swift in Sources */ = {isa = PBXBuildFile; fileRef = 8403E02C21B08B2B0067CA82 /* RootViewController.swift */; };
		8403E03121B08B2B0067CA82 /* Ad.swift in Sources */ = {isa = PBXBuildFile; fileRef = 8403E02D21B08B2B0067CA82 /* Ad.swift */; };
		8403E03221B08B2B0067CA82 /* RootDataSource.swift in Sources */ = {isa = PBXBuildFile; fileRef = 8403E02E21B08B2B0067CA82 /* RootDataSource.swift */; };
		8403E03321B08B2B0067CA82 /* RootCustomCell.swift in Sources */ = {isa = PBXBuildFile; fileRef = 8403E02F21B08B2B0067CA82 /* RootCustomCell.swift */; };
		8403E03821B08B340067CA82 /* Advance.swift in Sources */ = {isa = PBXBuildFile; fileRef = 8403E03421B08B340067CA82 /* Advance.swift */; };
		8403E03921B08B340067CA82 /* Sub1DataSource.swift in Sources */ = {isa = PBXBuildFile; fileRef = 8403E03521B08B340067CA82 /* Sub1DataSource.swift */; };
		8403E03A21B08B340067CA82 /* Sub1TableViewController.swift in Sources */ = {isa = PBXBuildFile; fileRef = 8403E03621B08B340067CA82 /* Sub1TableViewController.swift */; };
		8403E03B21B08B340067CA82 /* Sub1CustomCell.swift in Sources */ = {isa = PBXBuildFile; fileRef = 8403E03721B08B340067CA82 /* Sub1CustomCell.swift */; };
		8403E04021B08B3B0067CA82 /* Sub2CustomCell.swift in Sources */ = {isa = PBXBuildFile; fileRef = 8403E03C21B08B3A0067CA82 /* Sub2CustomCell.swift */; };
		8403E04121B08B3B0067CA82 /* Sub2ViewController.swift in Sources */ = {isa = PBXBuildFile; fileRef = 8403E03D21B08B3A0067CA82 /* Sub2ViewController.swift */; };
		8403E04221B08B3B0067CA82 /* Domain.swift in Sources */ = {isa = PBXBuildFile; fileRef = 8403E03E21B08B3B0067CA82 /* Domain.swift */; };
		8403E04321B08B3B0067CA82 /* Sub2DataSource.swift in Sources */ = {isa = PBXBuildFile; fileRef = 8403E03F21B08B3B0067CA82 /* Sub2DataSource.swift */; };
		8403E04721B08B430067CA82 /* Sub3TableViewController.swift in Sources */ = {isa = PBXBuildFile; fileRef = 8403E04421B08B420067CA82 /* Sub3TableViewController.swift */; };
		8403E04821B08B430067CA82 /* Sub3DataSource.swift in Sources */ = {isa = PBXBuildFile; fileRef = 8403E04521B08B420067CA82 /* Sub3DataSource.swift */; };
		8403E04921B08B430067CA82 /* Sub3CustomCell.swift in Sources */ = {isa = PBXBuildFile; fileRef = 8403E04621B08B430067CA82 /* Sub3CustomCell.swift */; };
		8403E06921B08D3F0067CA82 /* ActionViewController2.swift in Sources */ = {isa = PBXBuildFile; fileRef = 8403E06821B08D3F0067CA82 /* ActionViewController2.swift */; };
		8403E06C21B08D3F0067CA82 /* MainInterface.storyboard in Resources */ = {isa = PBXBuildFile; fileRef = 8403E06A21B08D3F0067CA82 /* MainInterface.storyboard */; };
		8403E07021B08D3F0067CA82 /* ActionExtension2.appex in Embed App Extensions */ = {isa = PBXBuildFile; fileRef = 8403E06421B08D3F0067CA82 /* ActionExtension2.appex */; settings = {ATTRIBUTES = (RemoveHeadersOnCopy, ); }; };
		8403E07B21B08D520067CA82 /* blockerList.json in Resources */ = {isa = PBXBuildFile; fileRef = 8403E07A21B08D520067CA82 /* blockerList.json */; };
		8403E07D21B08D520067CA82 /* ContentBlockerRequestHandler.swift in Sources */ = {isa = PBXBuildFile; fileRef = 8403E07C21B08D520067CA82 /* ContentBlockerRequestHandler.swift */; };
		8403E08121B08D520067CA82 /* ContentBlockerExtension.appex in Embed App Extensions */ = {isa = PBXBuildFile; fileRef = 8403E07821B08D520067CA82 /* ContentBlockerExtension.appex */; settings = {ATTRIBUTES = (RemoveHeadersOnCopy, ); }; };
		8403E0A121B0905A0067CA82 /* Facebook.json in Resources */ = {isa = PBXBuildFile; fileRef = 8403E09621B090590067CA82 /* Facebook.json */; };
		8403E0A221B0905A0067CA82 /* LINE.json in Resources */ = {isa = PBXBuildFile; fileRef = 8403E09721B090590067CA82 /* LINE.json */; };
		8403E0A321B0905A0067CA82 /* Google Ads.json in Resources */ = {isa = PBXBuildFile; fileRef = 8403E09821B090590067CA82 /* Google Ads.json */; };
		8403E0A421B0905A0067CA82 /* Google Analystic.json in Resources */ = {isa = PBXBuildFile; fileRef = 8403E09921B090590067CA82 /* Google Analystic.json */; };
		8403E0A521B0905A0067CA82 /* Youtube.json in Resources */ = {isa = PBXBuildFile; fileRef = 8403E09A21B090590067CA82 /* Youtube.json */; };
		8403E0A621B0905A0067CA82 /* css-display-none.json in Resources */ = {isa = PBXBuildFile; fileRef = 8403E09B21B090590067CA82 /* css-display-none.json */; };
		8403E0A721B0905A0067CA82 /* Twitter.json in Resources */ = {isa = PBXBuildFile; fileRef = 8403E09C21B090590067CA82 /* Twitter.json */; };
		8403E0A821B0905A0067CA82 /* FC2 Access Analyzer.json in Resources */ = {isa = PBXBuildFile; fileRef = 8403E09D21B0905A0067CA82 /* FC2 Access Analyzer.json */; };
		8403E0A921B0905A0067CA82 /* Twitter Analystic.json in Resources */ = {isa = PBXBuildFile; fileRef = 8403E09E21B0905A0067CA82 /* Twitter Analystic.json */; };
		8403E0AA21B0905A0067CA82 /* Google+.json in Resources */ = {isa = PBXBuildFile; fileRef = 8403E09F21B0905A0067CA82 /* Google+.json */; };
		8403E0AB21B0905A0067CA82 /* Gree.json in Resources */ = {isa = PBXBuildFile; fileRef = 8403E0A021B0905A0067CA82 /* Gree.json */; };
		8403E0AC21B091B20067CA82 /* css-display-none.json in Resources */ = {isa = PBXBuildFile; fileRef = 8403E09B21B090590067CA82 /* css-display-none.json */; };
		8403E0AD21B091B20067CA82 /* Facebook.json in Resources */ = {isa = PBXBuildFile; fileRef = 8403E09621B090590067CA82 /* Facebook.json */; };
		8403E0AE21B091B20067CA82 /* FC2 Access Analyzer.json in Resources */ = {isa = PBXBuildFile; fileRef = 8403E09D21B0905A0067CA82 /* FC2 Access Analyzer.json */; };
		8403E0AF21B091B20067CA82 /* Google Ads.json in Resources */ = {isa = PBXBuildFile; fileRef = 8403E09821B090590067CA82 /* Google Ads.json */; };
		8403E0B021B091B20067CA82 /* Google Analystic.json in Resources */ = {isa = PBXBuildFile; fileRef = 8403E09921B090590067CA82 /* Google Analystic.json */; };
		8403E0B121B091B20067CA82 /* Google+.json in Resources */ = {isa = PBXBuildFile; fileRef = 8403E09F21B0905A0067CA82 /* Google+.json */; };
		8403E0B221B091B20067CA82 /* Gree.json in Resources */ = {isa = PBXBuildFile; fileRef = 8403E0A021B0905A0067CA82 /* Gree.json */; };
		8403E0B321B091B20067CA82 /* LINE.json in Resources */ = {isa = PBXBuildFile; fileRef = 8403E09721B090590067CA82 /* LINE.json */; };
		8403E0B421B091B20067CA82 /* Twitter Analystic.json in Resources */ = {isa = PBXBuildFile; fileRef = 8403E09E21B0905A0067CA82 /* Twitter Analystic.json */; };
		8403E0B521B091B20067CA82 /* Twitter.json in Resources */ = {isa = PBXBuildFile; fileRef = 8403E09C21B090590067CA82 /* Twitter.json */; };
		8403E0B621B091B20067CA82 /* Youtube.json in Resources */ = {isa = PBXBuildFile; fileRef = 8403E09A21B090590067CA82 /* Youtube.json */; };
		8414D24721B6B7AB001E8339 /* Share.swift in Sources */ = {isa = PBXBuildFile; fileRef = 8414D24621B6B7AB001E8339 /* Share.swift */; };
		8460450C21B0DC71001C9340 /* ActionViewController.swift in Sources */ = {isa = PBXBuildFile; fileRef = 8460450B21B0DC71001C9340 /* ActionViewController.swift */; };
		8460450F21B0DC71001C9340 /* MainInterface.storyboard in Resources */ = {isa = PBXBuildFile; fileRef = 8460450D21B0DC71001C9340 /* MainInterface.storyboard */; };
		8460451321B0DC71001C9340 /* ActionExtension.appex in Embed App Extensions */ = {isa = PBXBuildFile; fileRef = 8460450721B0DC71001C9340 /* ActionExtension.appex */; settings = {ATTRIBUTES = (RemoveHeadersOnCopy, ); }; };
		8460451A21B0DCB5001C9340 /* Ad.swift in Sources */ = {isa = PBXBuildFile; fileRef = 8460451721B0DCB5001C9340 /* Ad.swift */; };
		8460451B21B0DCB5001C9340 /* AdDataSource.swift in Sources */ = {isa = PBXBuildFile; fileRef = 8460451821B0DCB5001C9340 /* AdDataSource.swift */; };
		8460451C21B0DCB5001C9340 /* CustomCell.swift in Sources */ = {isa = PBXBuildFile; fileRef = 8460451921B0DCB5001C9340 /* CustomCell.swift */; };
		846CB20721B369680002E1CE /* AdDataSource2.swift in Sources */ = {isa = PBXBuildFile; fileRef = 846CB20621B369680002E1CE /* AdDataSource2.swift */; };
		8470C75221B7BC5100B61394 /* DetailCustomCell.swift in Sources */ = {isa = PBXBuildFile; fileRef = 8470C75121B7BC5100B61394 /* DetailCustomCell.swift */; };
		8470C75521B7BD3000B61394 /* Detail.swift in Sources */ = {isa = PBXBuildFile; fileRef = 8470C75421B7BD3000B61394 /* Detail.swift */; };
		8470C75721B8A4E300B61394 /* DetailTableViewController.swift in Sources */ = {isa = PBXBuildFile; fileRef = 8470C75621B8A4E300B61394 /* DetailTableViewController.swift */; };
		84E9AE9C21B4EB1D00604BAC /* CustomCell.swift in Sources */ = {isa = PBXBuildFile; fileRef = 84E9AE9B21B4EB1D00604BAC /* CustomCell.swift */; };
		84E9AEA221B5ED8600604BAC /* GoogleService-Info.plist in Resources */ = {isa = PBXBuildFile; fileRef = 84E9AEA121B5ED8600604BAC /* GoogleService-Info.plist */; };
		9AE81EF79DCCBD6A52741BCB /* Pods_adblock.framework in Frameworks */ = {isa = PBXBuildFile; fileRef = F84E707CBD761459EB37139B /* Pods_adblock.framework */; };
		EDD4E948CB50D168FEA621CC /* Pods_adblockTests.framework in Frameworks */ = {isa = PBXBuildFile; fileRef = 34A05E2B5DE391A3AB3D1C51 /* Pods_adblockTests.framework */; };
		FAB77F87DF3BACF47F68E79F /* Pods_adblockUITests.framework in Frameworks */ = {isa = PBXBuildFile; fileRef = 1E432CF49E9DD3D5E77B27E2 /* Pods_adblockUITests.framework */; };
/* End PBXBuildFile section */

/* Begin PBXContainerItemProxy section */
		8403DFF021B087B40067CA82 /* PBXContainerItemProxy */ = {
			isa = PBXContainerItemProxy;
			containerPortal = 8403DFD321B087B30067CA82 /* Project object */;
			proxyType = 1;
			remoteGlobalIDString = 8403DFDA21B087B30067CA82;
			remoteInfo = adblock;
		};
		8403DFFB21B087B40067CA82 /* PBXContainerItemProxy */ = {
			isa = PBXContainerItemProxy;
			containerPortal = 8403DFD321B087B30067CA82 /* Project object */;
			proxyType = 1;
			remoteGlobalIDString = 8403DFDA21B087B30067CA82;
			remoteInfo = adblock;
		};
		8403E06E21B08D3F0067CA82 /* PBXContainerItemProxy */ = {
			isa = PBXContainerItemProxy;
			containerPortal = 8403DFD321B087B30067CA82 /* Project object */;
			proxyType = 1;
			remoteGlobalIDString = 8403E06321B08D3F0067CA82;
			remoteInfo = ActionExtension2;
		};
		8403E07F21B08D520067CA82 /* PBXContainerItemProxy */ = {
			isa = PBXContainerItemProxy;
			containerPortal = 8403DFD321B087B30067CA82 /* Project object */;
			proxyType = 1;
			remoteGlobalIDString = 8403E07721B08D520067CA82;
			remoteInfo = ContentBlockerExtension;
		};
		8460451121B0DC71001C9340 /* PBXContainerItemProxy */ = {
			isa = PBXContainerItemProxy;
			containerPortal = 8403DFD321B087B30067CA82 /* Project object */;
			proxyType = 1;
			remoteGlobalIDString = 8460450621B0DC71001C9340;
			remoteInfo = ActionExtension;
		};
/* End PBXContainerItemProxy section */

/* Begin PBXCopyFilesBuildPhase section */
		8403E05F21B08D290067CA82 /* Embed App Extensions */ = {
			isa = PBXCopyFilesBuildPhase;
			buildActionMask = 2147483647;
			dstPath = "";
			dstSubfolderSpec = 13;
			files = (
				8403E08121B08D520067CA82 /* ContentBlockerExtension.appex in Embed App Extensions */,
				8460451321B0DC71001C9340 /* ActionExtension.appex in Embed App Extensions */,
				8403E07021B08D3F0067CA82 /* ActionExtension2.appex in Embed App Extensions */,
			);
			name = "Embed App Extensions";
			runOnlyForDeploymentPostprocessing = 0;
		};
/* End PBXCopyFilesBuildPhase section */

/* Begin PBXFileReference section */
		0F2283435C496A6E0C9D0182 /* Pods-adblockUITests.debug.xcconfig */ = {isa = PBXFileReference; includeInIndex = 1; lastKnownFileType = text.xcconfig; name = "Pods-adblockUITests.debug.xcconfig"; path = "Pods/Target Support Files/Pods-adblockUITests/Pods-adblockUITests.debug.xcconfig"; sourceTree = "<group>"; };
		126F6F2A6CF4F2C330E9746B /* Pods-adblockTests.release.xcconfig */ = {isa = PBXFileReference; includeInIndex = 1; lastKnownFileType = text.xcconfig; name = "Pods-adblockTests.release.xcconfig"; path = "Pods/Target Support Files/Pods-adblockTests/Pods-adblockTests.release.xcconfig"; sourceTree = "<group>"; };
		1E432CF49E9DD3D5E77B27E2 /* Pods_adblockUITests.framework */ = {isa = PBXFileReference; explicitFileType = wrapper.framework; includeInIndex = 0; path = Pods_adblockUITests.framework; sourceTree = BUILT_PRODUCTS_DIR; };
		34A05E2B5DE391A3AB3D1C51 /* Pods_adblockTests.framework */ = {isa = PBXFileReference; explicitFileType = wrapper.framework; includeInIndex = 0; path = Pods_adblockTests.framework; sourceTree = BUILT_PRODUCTS_DIR; };
		38D6FA1121B0D73E0021DFA9 /* Ad.swift */ = {isa = PBXFileReference; lastKnownFileType = sourcecode.swift; path = Ad.swift; sourceTree = "<group>"; };
		38D6FA1621B0E5420021DFA9 /* ActionExtension.entitlements */ = {isa = PBXFileReference; lastKnownFileType = text.plist.entitlements; path = ActionExtension.entitlements; sourceTree = "<group>"; };
		40D752771FA3FE1DC073A9EC /* Pods-adblock.debug.xcconfig */ = {isa = PBXFileReference; includeInIndex = 1; lastKnownFileType = text.xcconfig; name = "Pods-adblock.debug.xcconfig"; path = "Pods/Target Support Files/Pods-adblock/Pods-adblock.debug.xcconfig"; sourceTree = "<group>"; };
		50F95E8DF256C6B003410C77 /* Pods-adblockUITests.release.xcconfig */ = {isa = PBXFileReference; includeInIndex = 1; lastKnownFileType = text.xcconfig; name = "Pods-adblockUITests.release.xcconfig"; path = "Pods/Target Support Files/Pods-adblockUITests/Pods-adblockUITests.release.xcconfig"; sourceTree = "<group>"; };
		8403DFDB21B087B30067CA82 /* adblock.app */ = {isa = PBXFileReference; explicitFileType = wrapper.application; includeInIndex = 0; path = adblock.app; sourceTree = BUILT_PRODUCTS_DIR; };
		8403DFDE21B087B30067CA82 /* AppDelegate.swift */ = {isa = PBXFileReference; lastKnownFileType = sourcecode.swift; path = AppDelegate.swift; sourceTree = "<group>"; };
		8403DFE321B087B30067CA82 /* Base */ = {isa = PBXFileReference; lastKnownFileType = file.storyboard; name = Base; path = Base.lproj/Main.storyboard; sourceTree = "<group>"; };
		8403DFE521B087B40067CA82 /* Assets.xcassets */ = {isa = PBXFileReference; lastKnownFileType = folder.assetcatalog; path = Assets.xcassets; sourceTree = "<group>"; };
		8403DFE821B087B40067CA82 /* Base */ = {isa = PBXFileReference; lastKnownFileType = file.storyboard; name = Base; path = Base.lproj/LaunchScreen.storyboard; sourceTree = "<group>"; };
		8403DFEA21B087B40067CA82 /* Info.plist */ = {isa = PBXFileReference; lastKnownFileType = text.plist.xml; path = Info.plist; sourceTree = "<group>"; };
		8403DFEF21B087B40067CA82 /* adblockTests.xctest */ = {isa = PBXFileReference; explicitFileType = wrapper.cfbundle; includeInIndex = 0; path = adblockTests.xctest; sourceTree = BUILT_PRODUCTS_DIR; };
		8403DFF321B087B40067CA82 /* adblockTests.swift */ = {isa = PBXFileReference; lastKnownFileType = sourcecode.swift; path = adblockTests.swift; sourceTree = "<group>"; };
		8403DFF521B087B40067CA82 /* Info.plist */ = {isa = PBXFileReference; lastKnownFileType = text.plist.xml; path = Info.plist; sourceTree = "<group>"; };
		8403DFFA21B087B40067CA82 /* adblockUITests.xctest */ = {isa = PBXFileReference; explicitFileType = wrapper.cfbundle; includeInIndex = 0; path = adblockUITests.xctest; sourceTree = BUILT_PRODUCTS_DIR; };
		8403DFFE21B087B40067CA82 /* adblockUITests.swift */ = {isa = PBXFileReference; lastKnownFileType = sourcecode.swift; path = adblockUITests.swift; sourceTree = "<group>"; };
		8403E00021B087B40067CA82 /* Info.plist */ = {isa = PBXFileReference; lastKnownFileType = text.plist.xml; path = Info.plist; sourceTree = "<group>"; };
		8403E00E21B08A440067CA82 /* JsonManager.swift */ = {isa = PBXFileReference; fileEncoding = 4; lastKnownFileType = sourcecode.swift; path = JsonManager.swift; sourceTree = "<group>"; };
		8403E00F21B08A440067CA82 /* ContentBlockerManager.swift */ = {isa = PBXFileReference; fileEncoding = 4; lastKnownFileType = sourcecode.swift; path = ContentBlockerManager.swift; sourceTree = "<group>"; };
		8403E01221B08A440067CA82 /* SwiftyJSON.swift */ = {isa = PBXFileReference; fileEncoding = 4; lastKnownFileType = sourcecode.swift; path = SwiftyJSON.swift; sourceTree = "<group>"; };
		8403E02C21B08B2B0067CA82 /* RootViewController.swift */ = {isa = PBXFileReference; fileEncoding = 4; lastKnownFileType = sourcecode.swift; path = RootViewController.swift; sourceTree = "<group>"; };
		8403E02D21B08B2B0067CA82 /* Ad.swift */ = {isa = PBXFileReference; fileEncoding = 4; lastKnownFileType = sourcecode.swift; path = Ad.swift; sourceTree = "<group>"; };
		8403E02E21B08B2B0067CA82 /* RootDataSource.swift */ = {isa = PBXFileReference; fileEncoding = 4; lastKnownFileType = sourcecode.swift; path = RootDataSource.swift; sourceTree = "<group>"; };
		8403E02F21B08B2B0067CA82 /* RootCustomCell.swift */ = {isa = PBXFileReference; fileEncoding = 4; lastKnownFileType = sourcecode.swift; path = RootCustomCell.swift; sourceTree = "<group>"; };
		8403E03421B08B340067CA82 /* Advance.swift */ = {isa = PBXFileReference; fileEncoding = 4; lastKnownFileType = sourcecode.swift; path = Advance.swift; sourceTree = "<group>"; };
		8403E03521B08B340067CA82 /* Sub1DataSource.swift */ = {isa = PBXFileReference; fileEncoding = 4; lastKnownFileType = sourcecode.swift; path = Sub1DataSource.swift; sourceTree = "<group>"; };
		8403E03621B08B340067CA82 /* Sub1TableViewController.swift */ = {isa = PBXFileReference; fileEncoding = 4; lastKnownFileType = sourcecode.swift; path = Sub1TableViewController.swift; sourceTree = "<group>"; };
		8403E03721B08B340067CA82 /* Sub1CustomCell.swift */ = {isa = PBXFileReference; fileEncoding = 4; lastKnownFileType = sourcecode.swift; path = Sub1CustomCell.swift; sourceTree = "<group>"; };
		8403E03C21B08B3A0067CA82 /* Sub2CustomCell.swift */ = {isa = PBXFileReference; fileEncoding = 4; lastKnownFileType = sourcecode.swift; path = Sub2CustomCell.swift; sourceTree = "<group>"; };
		8403E03D21B08B3A0067CA82 /* Sub2ViewController.swift */ = {isa = PBXFileReference; fileEncoding = 4; lastKnownFileType = sourcecode.swift; path = Sub2ViewController.swift; sourceTree = "<group>"; };
		8403E03E21B08B3B0067CA82 /* Domain.swift */ = {isa = PBXFileReference; fileEncoding = 4; lastKnownFileType = sourcecode.swift; path = Domain.swift; sourceTree = "<group>"; };
		8403E03F21B08B3B0067CA82 /* Sub2DataSource.swift */ = {isa = PBXFileReference; fileEncoding = 4; lastKnownFileType = sourcecode.swift; path = Sub2DataSource.swift; sourceTree = "<group>"; };
		8403E04421B08B420067CA82 /* Sub3TableViewController.swift */ = {isa = PBXFileReference; fileEncoding = 4; lastKnownFileType = sourcecode.swift; path = Sub3TableViewController.swift; sourceTree = "<group>"; };
		8403E04521B08B420067CA82 /* Sub3DataSource.swift */ = {isa = PBXFileReference; fileEncoding = 4; lastKnownFileType = sourcecode.swift; path = Sub3DataSource.swift; sourceTree = "<group>"; };
		8403E04621B08B430067CA82 /* Sub3CustomCell.swift */ = {isa = PBXFileReference; fileEncoding = 4; lastKnownFileType = sourcecode.swift; path = Sub3CustomCell.swift; sourceTree = "<group>"; };
		8403E04A21B08D0A0067CA82 /* adblock.entitlements */ = {isa = PBXFileReference; lastKnownFileType = text.plist.entitlements; path = adblock.entitlements; sourceTree = "<group>"; };
		8403E06421B08D3F0067CA82 /* ActionExtension2.appex */ = {isa = PBXFileReference; explicitFileType = "wrapper.app-extension"; includeInIndex = 0; path = ActionExtension2.appex; sourceTree = BUILT_PRODUCTS_DIR; };
		8403E06821B08D3F0067CA82 /* ActionViewController2.swift */ = {isa = PBXFileReference; lastKnownFileType = sourcecode.swift; path = ActionViewController2.swift; sourceTree = "<group>"; };
		8403E06B21B08D3F0067CA82 /* Base */ = {isa = PBXFileReference; lastKnownFileType = file.storyboard; name = Base; path = Base.lproj/MainInterface.storyboard; sourceTree = "<group>"; };
		8403E06D21B08D3F0067CA82 /* Info.plist */ = {isa = PBXFileReference; lastKnownFileType = text.plist.xml; path = Info.plist; sourceTree = "<group>"; };
		8403E07821B08D520067CA82 /* ContentBlockerExtension.appex */ = {isa = PBXFileReference; explicitFileType = "wrapper.app-extension"; includeInIndex = 0; path = ContentBlockerExtension.appex; sourceTree = BUILT_PRODUCTS_DIR; };
		8403E07A21B08D520067CA82 /* blockerList.json */ = {isa = PBXFileReference; lastKnownFileType = text.json; path = blockerList.json; sourceTree = "<group>"; };
		8403E07C21B08D520067CA82 /* ContentBlockerRequestHandler.swift */ = {isa = PBXFileReference; lastKnownFileType = sourcecode.swift; path = ContentBlockerRequestHandler.swift; sourceTree = "<group>"; };
		8403E07E21B08D520067CA82 /* Info.plist */ = {isa = PBXFileReference; lastKnownFileType = text.plist.xml; path = Info.plist; sourceTree = "<group>"; };
		8403E08621B08D600067CA82 /* ActionExtension2.entitlements */ = {isa = PBXFileReference; lastKnownFileType = text.plist.entitlements; path = ActionExtension2.entitlements; sourceTree = "<group>"; };
		8403E08721B08D6A0067CA82 /* ContentBlockerExtension.entitlements */ = {isa = PBXFileReference; lastKnownFileType = text.plist.entitlements; path = ContentBlockerExtension.entitlements; sourceTree = "<group>"; };
		8403E09621B090590067CA82 /* Facebook.json */ = {isa = PBXFileReference; fileEncoding = 4; lastKnownFileType = text.json; path = Facebook.json; sourceTree = "<group>"; };
		8403E09721B090590067CA82 /* LINE.json */ = {isa = PBXFileReference; fileEncoding = 4; lastKnownFileType = text.json; path = LINE.json; sourceTree = "<group>"; };
		8403E09821B090590067CA82 /* Google Ads.json */ = {isa = PBXFileReference; fileEncoding = 4; lastKnownFileType = text.json; path = "Google Ads.json"; sourceTree = "<group>"; };
		8403E09921B090590067CA82 /* Google Analystic.json */ = {isa = PBXFileReference; fileEncoding = 4; lastKnownFileType = text.json; path = "Google Analystic.json"; sourceTree = "<group>"; };
		8403E09A21B090590067CA82 /* Youtube.json */ = {isa = PBXFileReference; fileEncoding = 4; lastKnownFileType = text.json; path = Youtube.json; sourceTree = "<group>"; };
		8403E09B21B090590067CA82 /* css-display-none.json */ = {isa = PBXFileReference; fileEncoding = 4; lastKnownFileType = text.json; path = "css-display-none.json"; sourceTree = "<group>"; };
		8403E09C21B090590067CA82 /* Twitter.json */ = {isa = PBXFileReference; fileEncoding = 4; lastKnownFileType = text.json; path = Twitter.json; sourceTree = "<group>"; };
		8403E09D21B0905A0067CA82 /* FC2 Access Analyzer.json */ = {isa = PBXFileReference; fileEncoding = 4; lastKnownFileType = text.json; path = "FC2 Access Analyzer.json"; sourceTree = "<group>"; };
		8403E09E21B0905A0067CA82 /* Twitter Analystic.json */ = {isa = PBXFileReference; fileEncoding = 4; lastKnownFileType = text.json; path = "Twitter Analystic.json"; sourceTree = "<group>"; };
		8403E09F21B0905A0067CA82 /* Google+.json */ = {isa = PBXFileReference; fileEncoding = 4; lastKnownFileType = text.json; path = "Google+.json"; sourceTree = "<group>"; };
		8403E0A021B0905A0067CA82 /* Gree.json */ = {isa = PBXFileReference; fileEncoding = 4; lastKnownFileType = text.json; path = Gree.json; sourceTree = "<group>"; };
		8414D24621B6B7AB001E8339 /* Share.swift */ = {isa = PBXFileReference; lastKnownFileType = sourcecode.swift; path = Share.swift; sourceTree = "<group>"; };
		8460450721B0DC71001C9340 /* ActionExtension.appex */ = {isa = PBXFileReference; explicitFileType = "wrapper.app-extension"; includeInIndex = 0; path = ActionExtension.appex; sourceTree = BUILT_PRODUCTS_DIR; };
		8460450B21B0DC71001C9340 /* ActionViewController.swift */ = {isa = PBXFileReference; lastKnownFileType = sourcecode.swift; path = ActionViewController.swift; sourceTree = "<group>"; };
		8460450E21B0DC71001C9340 /* Base */ = {isa = PBXFileReference; lastKnownFileType = file.storyboard; name = Base; path = Base.lproj/MainInterface.storyboard; sourceTree = "<group>"; };
		8460451021B0DC71001C9340 /* Info.plist */ = {isa = PBXFileReference; lastKnownFileType = text.plist.xml; path = Info.plist; sourceTree = "<group>"; };
		8460451721B0DCB5001C9340 /* Ad.swift */ = {isa = PBXFileReference; fileEncoding = 4; lastKnownFileType = sourcecode.swift; path = Ad.swift; sourceTree = "<group>"; };
		8460451821B0DCB5001C9340 /* AdDataSource.swift */ = {isa = PBXFileReference; fileEncoding = 4; lastKnownFileType = sourcecode.swift; path = AdDataSource.swift; sourceTree = "<group>"; };
		8460451921B0DCB5001C9340 /* CustomCell.swift */ = {isa = PBXFileReference; fileEncoding = 4; lastKnownFileType = sourcecode.swift; path = CustomCell.swift; sourceTree = "<group>"; };
		846CB20621B369680002E1CE /* AdDataSource2.swift */ = {isa = PBXFileReference; lastKnownFileType = sourcecode.swift; path = AdDataSource2.swift; sourceTree = "<group>"; };
		8470C75121B7BC5100B61394 /* DetailCustomCell.swift */ = {isa = PBXFileReference; lastKnownFileType = sourcecode.swift; path = DetailCustomCell.swift; sourceTree = "<group>"; };
		8470C75421B7BD3000B61394 /* Detail.swift */ = {isa = PBXFileReference; lastKnownFileType = sourcecode.swift; path = Detail.swift; sourceTree = "<group>"; };
		8470C75621B8A4E300B61394 /* DetailTableViewController.swift */ = {isa = PBXFileReference; lastKnownFileType = sourcecode.swift; path = DetailTableViewController.swift; sourceTree = "<group>"; };
		84E9AE9B21B4EB1D00604BAC /* CustomCell.swift */ = {isa = PBXFileReference; lastKnownFileType = sourcecode.swift; path = CustomCell.swift; sourceTree = "<group>"; };
		84E9AEA121B5ED8600604BAC /* GoogleService-Info.plist */ = {isa = PBXFileReference; fileEncoding = 4; lastKnownFileType = text.plist.xml; path = "GoogleService-Info.plist"; sourceTree = "<group>"; };
		94314237E570AB4ED6F033EE /* Pods-adblockTests.debug.xcconfig */ = {isa = PBXFileReference; includeInIndex = 1; lastKnownFileType = text.xcconfig; name = "Pods-adblockTests.debug.xcconfig"; path = "Pods/Target Support Files/Pods-adblockTests/Pods-adblockTests.debug.xcconfig"; sourceTree = "<group>"; };
		E78A0ABBE98886C52074A864 /* Pods-adblock.release.xcconfig */ = {isa = PBXFileReference; includeInIndex = 1; lastKnownFileType = text.xcconfig; name = "Pods-adblock.release.xcconfig"; path = "Pods/Target Support Files/Pods-adblock/Pods-adblock.release.xcconfig"; sourceTree = "<group>"; };
		F84E707CBD761459EB37139B /* Pods_adblock.framework */ = {isa = PBXFileReference; explicitFileType = wrapper.framework; includeInIndex = 0; path = Pods_adblock.framework; sourceTree = BUILT_PRODUCTS_DIR; };
/* End PBXFileReference section */

/* Begin PBXFrameworksBuildPhase section */
		8403DFD821B087B30067CA82 /* Frameworks */ = {
			isa = PBXFrameworksBuildPhase;
			buildActionMask = 2147483647;
			files = (
				9AE81EF79DCCBD6A52741BCB /* Pods_adblock.framework in Frameworks */,
			);
			runOnlyForDeploymentPostprocessing = 0;
		};
		8403DFEC21B087B40067CA82 /* Frameworks */ = {
			isa = PBXFrameworksBuildPhase;
			buildActionMask = 2147483647;
			files = (
				EDD4E948CB50D168FEA621CC /* Pods_adblockTests.framework in Frameworks */,
			);
			runOnlyForDeploymentPostprocessing = 0;
		};
		8403DFF721B087B40067CA82 /* Frameworks */ = {
			isa = PBXFrameworksBuildPhase;
			buildActionMask = 2147483647;
			files = (
				FAB77F87DF3BACF47F68E79F /* Pods_adblockUITests.framework in Frameworks */,
			);
			runOnlyForDeploymentPostprocessing = 0;
		};
		8403E06121B08D3F0067CA82 /* Frameworks */ = {
			isa = PBXFrameworksBuildPhase;
			buildActionMask = 2147483647;
			files = (
			);
			runOnlyForDeploymentPostprocessing = 0;
		};
		8403E07521B08D520067CA82 /* Frameworks */ = {
			isa = PBXFrameworksBuildPhase;
			buildActionMask = 2147483647;
			files = (
			);
			runOnlyForDeploymentPostprocessing = 0;
		};
		8460450421B0DC71001C9340 /* Frameworks */ = {
			isa = PBXFrameworksBuildPhase;
			buildActionMask = 2147483647;
			files = (
			);
			runOnlyForDeploymentPostprocessing = 0;
		};
/* End PBXFrameworksBuildPhase section */

/* Begin PBXGroup section */
		4A75C98C4ABF65DEDB45AA2E /* Pods */ = {
			isa = PBXGroup;
			children = (
				40D752771FA3FE1DC073A9EC /* Pods-adblock.debug.xcconfig */,
				E78A0ABBE98886C52074A864 /* Pods-adblock.release.xcconfig */,
				94314237E570AB4ED6F033EE /* Pods-adblockTests.debug.xcconfig */,
				126F6F2A6CF4F2C330E9746B /* Pods-adblockTests.release.xcconfig */,
				0F2283435C496A6E0C9D0182 /* Pods-adblockUITests.debug.xcconfig */,
				50F95E8DF256C6B003410C77 /* Pods-adblockUITests.release.xcconfig */,
			);
			name = Pods;
			sourceTree = "<group>";
		};
		8403DFD221B087B30067CA82 = {
			isa = PBXGroup;
			children = (
				8403DFDD21B087B30067CA82 /* adblock */,
				8403DFF221B087B40067CA82 /* adblockTests */,
				8403DFFD21B087B40067CA82 /* adblockUITests */,
				8460450821B0DC71001C9340 /* ActionExtension */,
				8403E06521B08D3F0067CA82 /* ActionExtension2 */,
				8403E07921B08D520067CA82 /* ContentBlockerExtension */,
				8403DFDC21B087B30067CA82 /* Products */,
				4A75C98C4ABF65DEDB45AA2E /* Pods */,
				8E4F89B391C455F2FE454150 /* Frameworks */,
			);
			sourceTree = "<group>";
		};
		8403DFDC21B087B30067CA82 /* Products */ = {
			isa = PBXGroup;
			children = (
				8403DFDB21B087B30067CA82 /* adblock.app */,
				8403DFEF21B087B40067CA82 /* adblockTests.xctest */,
				8403DFFA21B087B40067CA82 /* adblockUITests.xctest */,
				8403E06421B08D3F0067CA82 /* ActionExtension2.appex */,
				8403E07821B08D520067CA82 /* ContentBlockerExtension.appex */,
				8460450721B0DC71001C9340 /* ActionExtension.appex */,
			);
			name = Products;
			sourceTree = "<group>";
		};
		8403DFDD21B087B30067CA82 /* adblock */ = {
			isa = PBXGroup;
			children = (
				8403E04A21B08D0A0067CA82 /* adblock.entitlements */,
				8403E00C21B089C20067CA82 /* Classes */,
				8403E00D21B089CD0067CA82 /* Resources */,
				8403DFDE21B087B30067CA82 /* AppDelegate.swift */,
				8403DFE221B087B30067CA82 /* Main.storyboard */,
				8403DFE721B087B40067CA82 /* LaunchScreen.storyboard */,
				8403DFEA21B087B40067CA82 /* Info.plist */,
				84E9AEA121B5ED8600604BAC /* GoogleService-Info.plist */,
			);
			path = adblock;
			sourceTree = "<group>";
		};
		8403DFF221B087B40067CA82 /* adblockTests */ = {
			isa = PBXGroup;
			children = (
				8403DFF321B087B40067CA82 /* adblockTests.swift */,
				8403DFF521B087B40067CA82 /* Info.plist */,
			);
			path = adblockTests;
			sourceTree = "<group>";
		};
		8403DFFD21B087B40067CA82 /* adblockUITests */ = {
			isa = PBXGroup;
			children = (
				8403DFFE21B087B40067CA82 /* adblockUITests.swift */,
				8403E00021B087B40067CA82 /* Info.plist */,
			);
			path = adblockUITests;
			sourceTree = "<group>";
		};
		8403E00C21B089C20067CA82 /* Classes */ = {
			isa = PBXGroup;
			children = (
				8403E02B21B08AB40067CA82 /* Root */,
				8403E02A21B08AAF0067CA82 /* Sub1 */,
				8403E02921B08AAA0067CA82 /* Sub2 */,
				8403E02821B08AA40067CA82 /* Sub3 */,
				8470C75321B7BC6400B61394 /* Detail */,
				8403E00E21B08A440067CA82 /* JsonManager.swift */,
				8403E01221B08A440067CA82 /* SwiftyJSON.swift */,
				8403E00F21B08A440067CA82 /* ContentBlockerManager.swift */,
			);
			path = Classes;
			sourceTree = "<group>";
		};
		8403E00D21B089CD0067CA82 /* Resources */ = {
			isa = PBXGroup;
			children = (
				8403DFE521B087B40067CA82 /* Assets.xcassets */,
			);
			path = Resources;
			sourceTree = "<group>";
		};
		8403E02821B08AA40067CA82 /* Sub3 */ = {
			isa = PBXGroup;
			children = (
				8414D24621B6B7AB001E8339 /* Share.swift */,
				8403E04421B08B420067CA82 /* Sub3TableViewController.swift */,
				8403E04521B08B420067CA82 /* Sub3DataSource.swift */,
				8403E04621B08B430067CA82 /* Sub3CustomCell.swift */,
			);
			path = Sub3;
			sourceTree = "<group>";
		};
		8403E02921B08AAA0067CA82 /* Sub2 */ = {
			isa = PBXGroup;
			children = (
				8403E03E21B08B3B0067CA82 /* Domain.swift */,
				8403E03D21B08B3A0067CA82 /* Sub2ViewController.swift */,
				8403E03F21B08B3B0067CA82 /* Sub2DataSource.swift */,
				8403E03C21B08B3A0067CA82 /* Sub2CustomCell.swift */,
			);
			path = Sub2;
			sourceTree = "<group>";
		};
		8403E02A21B08AAF0067CA82 /* Sub1 */ = {
			isa = PBXGroup;
			children = (
				8403E03421B08B340067CA82 /* Advance.swift */,
				8403E03621B08B340067CA82 /* Sub1TableViewController.swift */,
				8403E03521B08B340067CA82 /* Sub1DataSource.swift */,
				8403E03721B08B340067CA82 /* Sub1CustomCell.swift */,
			);
			path = Sub1;
			sourceTree = "<group>";
		};
		8403E02B21B08AB40067CA82 /* Root */ = {
			isa = PBXGroup;
			children = (
				8403E02D21B08B2B0067CA82 /* Ad.swift */,
				8403E02C21B08B2B0067CA82 /* RootViewController.swift */,
				8403E02E21B08B2B0067CA82 /* RootDataSource.swift */,
				8403E02F21B08B2B0067CA82 /* RootCustomCell.swift */,
			);
			path = Root;
			sourceTree = "<group>";
		};
		8403E06521B08D3F0067CA82 /* ActionExtension2 */ = {
			isa = PBXGroup;
			children = (
				8403E08621B08D600067CA82 /* ActionExtension2.entitlements */,
				38D6FA1121B0D73E0021DFA9 /* Ad.swift */,
				8403E06821B08D3F0067CA82 /* ActionViewController2.swift */,
				846CB20621B369680002E1CE /* AdDataSource2.swift */,
				84E9AE9B21B4EB1D00604BAC /* CustomCell.swift */,
				8403E06A21B08D3F0067CA82 /* MainInterface.storyboard */,
				8403E06D21B08D3F0067CA82 /* Info.plist */,
			);
			path = ActionExtension2;
			sourceTree = "<group>";
		};
		8403E07921B08D520067CA82 /* ContentBlockerExtension */ = {
			isa = PBXGroup;
			children = (
				8403E08721B08D6A0067CA82 /* ContentBlockerExtension.entitlements */,
				8403E07A21B08D520067CA82 /* blockerList.json */,
				8403E09B21B090590067CA82 /* css-display-none.json */,
				8403E09621B090590067CA82 /* Facebook.json */,
				8403E09D21B0905A0067CA82 /* FC2 Access Analyzer.json */,
				8403E09821B090590067CA82 /* Google Ads.json */,
				8403E09921B090590067CA82 /* Google Analystic.json */,
				8403E09F21B0905A0067CA82 /* Google+.json */,
				8403E0A021B0905A0067CA82 /* Gree.json */,
				8403E09721B090590067CA82 /* LINE.json */,
				8403E09E21B0905A0067CA82 /* Twitter Analystic.json */,
				8403E09C21B090590067CA82 /* Twitter.json */,
				8403E09A21B090590067CA82 /* Youtube.json */,
				8403E07C21B08D520067CA82 /* ContentBlockerRequestHandler.swift */,
				8403E07E21B08D520067CA82 /* Info.plist */,
			);
			path = ContentBlockerExtension;
			sourceTree = "<group>";
		};
		8460450821B0DC71001C9340 /* ActionExtension */ = {
			isa = PBXGroup;
			children = (
				38D6FA1621B0E5420021DFA9 /* ActionExtension.entitlements */,
				8460451721B0DCB5001C9340 /* Ad.swift */,
				8460450B21B0DC71001C9340 /* ActionViewController.swift */,
				8460451821B0DCB5001C9340 /* AdDataSource.swift */,
				8460451921B0DCB5001C9340 /* CustomCell.swift */,
				8460450D21B0DC71001C9340 /* MainInterface.storyboard */,
				8460451021B0DC71001C9340 /* Info.plist */,
			);
			path = ActionExtension;
			sourceTree = "<group>";
		};
		8470C75321B7BC6400B61394 /* Detail */ = {
			isa = PBXGroup;
			children = (
				8470C75421B7BD3000B61394 /* Detail.swift */,
				8470C75621B8A4E300B61394 /* DetailTableViewController.swift */,
				8470C75121B7BC5100B61394 /* DetailCustomCell.swift */,
			);
			path = Detail;
			sourceTree = "<group>";
		};
		8E4F89B391C455F2FE454150 /* Frameworks */ = {
			isa = PBXGroup;
			children = (
				F84E707CBD761459EB37139B /* Pods_adblock.framework */,
				34A05E2B5DE391A3AB3D1C51 /* Pods_adblockTests.framework */,
				1E432CF49E9DD3D5E77B27E2 /* Pods_adblockUITests.framework */,
			);
			name = Frameworks;
			sourceTree = "<group>";
		};
/* End PBXGroup section */

/* Begin PBXNativeTarget section */
		8403DFDA21B087B30067CA82 /* adblock */ = {
			isa = PBXNativeTarget;
			buildConfigurationList = 8403E00321B087B40067CA82 /* Build configuration list for PBXNativeTarget "adblock" */;
			buildPhases = (
				DA22E9436C563B5B0D0EC091 /* [CP] Check Pods Manifest.lock */,
				8403DFD721B087B30067CA82 /* Sources */,
				8403DFD821B087B30067CA82 /* Frameworks */,
				8403DFD921B087B30067CA82 /* Resources */,
				8403E05F21B08D290067CA82 /* Embed App Extensions */,
				9E8AFB90E1836FA6DAF15684 /* [CP] Embed Pods Frameworks */,
				060C146A8B3C4813BCD0D674 /* [CP] Copy Pods Resources */,
			);
			buildRules = (
			);
			dependencies = (
				8403E06F21B08D3F0067CA82 /* PBXTargetDependency */,
				8403E08021B08D520067CA82 /* PBXTargetDependency */,
				8460451221B0DC71001C9340 /* PBXTargetDependency */,
			);
			name = adblock;
			productName = adblock;
			productReference = 8403DFDB21B087B30067CA82 /* adblock.app */;
			productType = "com.apple.product-type.application";
		};
		8403DFEE21B087B40067CA82 /* adblockTests */ = {
			isa = PBXNativeTarget;
			buildConfigurationList = 8403E00621B087B40067CA82 /* Build configuration list for PBXNativeTarget "adblockTests" */;
			buildPhases = (
				061481A08BE57536418B7327 /* [CP] Check Pods Manifest.lock */,
				8403DFEB21B087B40067CA82 /* Sources */,
				8403DFEC21B087B40067CA82 /* Frameworks */,
				8403DFED21B087B40067CA82 /* Resources */,
			);
			buildRules = (
			);
			dependencies = (
				8403DFF121B087B40067CA82 /* PBXTargetDependency */,
			);
			name = adblockTests;
			productName = adblockTests;
			productReference = 8403DFEF21B087B40067CA82 /* adblockTests.xctest */;
			productType = "com.apple.product-type.bundle.unit-test";
		};
		8403DFF921B087B40067CA82 /* adblockUITests */ = {
			isa = PBXNativeTarget;
			buildConfigurationList = 8403E00921B087B40067CA82 /* Build configuration list for PBXNativeTarget "adblockUITests" */;
			buildPhases = (
				78CAF54C7B458202689C9694 /* [CP] Check Pods Manifest.lock */,
				8403DFF621B087B40067CA82 /* Sources */,
				8403DFF721B087B40067CA82 /* Frameworks */,
				8403DFF821B087B40067CA82 /* Resources */,
			);
			buildRules = (
			);
			dependencies = (
				8403DFFC21B087B40067CA82 /* PBXTargetDependency */,
			);
			name = adblockUITests;
			productName = adblockUITests;
			productReference = 8403DFFA21B087B40067CA82 /* adblockUITests.xctest */;
			productType = "com.apple.product-type.bundle.ui-testing";
		};
		8403E06321B08D3F0067CA82 /* ActionExtension2 */ = {
			isa = PBXNativeTarget;
			buildConfigurationList = 8403E07121B08D3F0067CA82 /* Build configuration list for PBXNativeTarget "ActionExtension2" */;
			buildPhases = (
				8403E06021B08D3F0067CA82 /* Sources */,
				8403E06121B08D3F0067CA82 /* Frameworks */,
				8403E06221B08D3F0067CA82 /* Resources */,
			);
			buildRules = (
			);
			dependencies = (
			);
			name = ActionExtension2;
			productName = ActionExtension2;
			productReference = 8403E06421B08D3F0067CA82 /* ActionExtension2.appex */;
			productType = "com.apple.product-type.app-extension";
		};
		8403E07721B08D520067CA82 /* ContentBlockerExtension */ = {
			isa = PBXNativeTarget;
			buildConfigurationList = 8403E08221B08D520067CA82 /* Build configuration list for PBXNativeTarget "ContentBlockerExtension" */;
			buildPhases = (
				8403E07421B08D520067CA82 /* Sources */,
				8403E07521B08D520067CA82 /* Frameworks */,
				8403E07621B08D520067CA82 /* Resources */,
			);
			buildRules = (
			);
			dependencies = (
			);
			name = ContentBlockerExtension;
			productName = ContentBlockerExtension;
			productReference = 8403E07821B08D520067CA82 /* ContentBlockerExtension.appex */;
			productType = "com.apple.product-type.app-extension";
		};
		8460450621B0DC71001C9340 /* ActionExtension */ = {
			isa = PBXNativeTarget;
			buildConfigurationList = 8460451421B0DC71001C9340 /* Build configuration list for PBXNativeTarget "ActionExtension" */;
			buildPhases = (
				8460450321B0DC71001C9340 /* Sources */,
				8460450421B0DC71001C9340 /* Frameworks */,
				8460450521B0DC71001C9340 /* Resources */,
			);
			buildRules = (
			);
			dependencies = (
			);
			name = ActionExtension;
			productName = ActionExtension;
			productReference = 8460450721B0DC71001C9340 /* ActionExtension.appex */;
			productType = "com.apple.product-type.app-extension";
		};
/* End PBXNativeTarget section */

/* Begin PBXProject section */
		8403DFD321B087B30067CA82 /* Project object */ = {
			isa = PBXProject;
			attributes = {
				LastSwiftUpdateCheck = 1010;
				LastUpgradeCheck = 1010;
				ORGANIZATIONNAME = admin;
				TargetAttributes = {
					8403DFDA21B087B30067CA82 = {
						CreatedOnToolsVersion = 10.1;
						SystemCapabilities = {
							com.apple.ApplicationGroups.iOS = {
								enabled = 1;
							};
							com.apple.Keychain = {
								enabled = 1;
							};
						};
					};
					8403DFEE21B087B40067CA82 = {
						CreatedOnToolsVersion = 10.1;
						TestTargetID = 8403DFDA21B087B30067CA82;
					};
					8403DFF921B087B40067CA82 = {
						CreatedOnToolsVersion = 10.1;
						TestTargetID = 8403DFDA21B087B30067CA82;
					};
					8403E06321B08D3F0067CA82 = {
						CreatedOnToolsVersion = 10.1;
						SystemCapabilities = {
							com.apple.ApplicationGroups.iOS = {
								enabled = 1;
							};
							com.apple.Keychain = {
								enabled = 1;
							};
						};
					};
					8403E07721B08D520067CA82 = {
						CreatedOnToolsVersion = 10.1;
						SystemCapabilities = {
							com.apple.ApplicationGroups.iOS = {
								enabled = 1;
							};
							com.apple.Keychain = {
								enabled = 1;
							};
						};
					};
					8460450621B0DC71001C9340 = {
						CreatedOnToolsVersion = 10.1;
						SystemCapabilities = {
							com.apple.ApplicationGroups.iOS = {
								enabled = 1;
							};
							com.apple.Keychain = {
								enabled = 1;
							};
						};
					};
				};
			};
			buildConfigurationList = 8403DFD621B087B30067CA82 /* Build configuration list for PBXProject "adblock" */;
			compatibilityVersion = "Xcode 9.3";
			developmentRegion = en;
			hasScannedForEncodings = 0;
			knownRegions = (
				en,
				Base,
			);
			mainGroup = 8403DFD221B087B30067CA82;
			productRefGroup = 8403DFDC21B087B30067CA82 /* Products */;
			projectDirPath = "";
			projectRoot = "";
			targets = (
				8403DFDA21B087B30067CA82 /* adblock */,
				8403DFEE21B087B40067CA82 /* adblockTests */,
				8403DFF921B087B40067CA82 /* adblockUITests */,
				8460450621B0DC71001C9340 /* ActionExtension */,
				8403E06321B08D3F0067CA82 /* ActionExtension2 */,
				8403E07721B08D520067CA82 /* ContentBlockerExtension */,
			);
		};
/* End PBXProject section */

/* Begin PBXResourcesBuildPhase section */
		8403DFD921B087B30067CA82 /* Resources */ = {
			isa = PBXResourcesBuildPhase;
			buildActionMask = 2147483647;
			files = (
				38E8DA1621B0C67D00661360 /* blockerList.json in Resources */,
				8403E0AC21B091B20067CA82 /* css-display-none.json in Resources */,
				8403E0AD21B091B20067CA82 /* Facebook.json in Resources */,
				8403E0AE21B091B20067CA82 /* FC2 Access Analyzer.json in Resources */,
				8403E0AF21B091B20067CA82 /* Google Ads.json in Resources */,
				8403E0B021B091B20067CA82 /* Google Analystic.json in Resources */,
				8403E0B121B091B20067CA82 /* Google+.json in Resources */,
				8403E0B221B091B20067CA82 /* Gree.json in Resources */,
				8403E0B321B091B20067CA82 /* LINE.json in Resources */,
				84E9AEA221B5ED8600604BAC /* GoogleService-Info.plist in Resources */,
				8403E0B421B091B20067CA82 /* Twitter Analystic.json in Resources */,
				8403E0B521B091B20067CA82 /* Twitter.json in Resources */,
				8403E0B621B091B20067CA82 /* Youtube.json in Resources */,
				8403DFE921B087B40067CA82 /* LaunchScreen.storyboard in Resources */,
				8403DFE621B087B40067CA82 /* Assets.xcassets in Resources */,
				8403DFE421B087B30067CA82 /* Main.storyboard in Resources */,
			);
			runOnlyForDeploymentPostprocessing = 0;
		};
		8403DFED21B087B40067CA82 /* Resources */ = {
			isa = PBXResourcesBuildPhase;
			buildActionMask = 2147483647;
			files = (
			);
			runOnlyForDeploymentPostprocessing = 0;
		};
		8403DFF821B087B40067CA82 /* Resources */ = {
			isa = PBXResourcesBuildPhase;
			buildActionMask = 2147483647;
			files = (
			);
			runOnlyForDeploymentPostprocessing = 0;
		};
		8403E06221B08D3F0067CA82 /* Resources */ = {
			isa = PBXResourcesBuildPhase;
			buildActionMask = 2147483647;
			files = (
				8403E06C21B08D3F0067CA82 /* MainInterface.storyboard in Resources */,
			);
			runOnlyForDeploymentPostprocessing = 0;
		};
		8403E07621B08D520067CA82 /* Resources */ = {
			isa = PBXResourcesBuildPhase;
			buildActionMask = 2147483647;
			files = (
				8403E0A321B0905A0067CA82 /* Google Ads.json in Resources */,
				8403E0A821B0905A0067CA82 /* FC2 Access Analyzer.json in Resources */,
				8403E0A621B0905A0067CA82 /* css-display-none.json in Resources */,
				8403E0A921B0905A0067CA82 /* Twitter Analystic.json in Resources */,
				8403E0AB21B0905A0067CA82 /* Gree.json in Resources */,
				8403E0A521B0905A0067CA82 /* Youtube.json in Resources */,
				8403E0AA21B0905A0067CA82 /* Google+.json in Resources */,
				8403E0A421B0905A0067CA82 /* Google Analystic.json in Resources */,
				8403E07B21B08D520067CA82 /* blockerList.json in Resources */,
				8403E0A221B0905A0067CA82 /* LINE.json in Resources */,
				8403E0A121B0905A0067CA82 /* Facebook.json in Resources */,
				8403E0A721B0905A0067CA82 /* Twitter.json in Resources */,
			);
			runOnlyForDeploymentPostprocessing = 0;
		};
		8460450521B0DC71001C9340 /* Resources */ = {
			isa = PBXResourcesBuildPhase;
			buildActionMask = 2147483647;
			files = (
				8460450F21B0DC71001C9340 /* MainInterface.storyboard in Resources */,
			);
			runOnlyForDeploymentPostprocessing = 0;
		};
/* End PBXResourcesBuildPhase section */

/* Begin PBXShellScriptBuildPhase section */
		060C146A8B3C4813BCD0D674 /* [CP] Copy Pods Resources */ = {
			isa = PBXShellScriptBuildPhase;
			buildActionMask = 2147483647;
			files = (
			);
			inputPaths = (
				"${SRCROOT}/Pods/Target Support Files/Pods-adblock/Pods-adblock-resources.sh",
				"${PODS_ROOT}/GoogleSignIn/Resources/GoogleSignIn.bundle",
			);
			name = "[CP] Copy Pods Resources";
			outputPaths = (
				"${TARGET_BUILD_DIR}/${UNLOCALIZED_RESOURCES_FOLDER_PATH}/GoogleSignIn.bundle",
			);
			runOnlyForDeploymentPostprocessing = 0;
			shellPath = /bin/sh;
			shellScript = "\"${SRCROOT}/Pods/Target Support Files/Pods-adblock/Pods-adblock-resources.sh\"\n";
			showEnvVarsInLog = 0;
		};
		061481A08BE57536418B7327 /* [CP] Check Pods Manifest.lock */ = {
			isa = PBXShellScriptBuildPhase;
			buildActionMask = 2147483647;
			files = (
			);
			inputPaths = (
				"${PODS_PODFILE_DIR_PATH}/Podfile.lock",
				"${PODS_ROOT}/Manifest.lock",
			);
			name = "[CP] Check Pods Manifest.lock";
			outputPaths = (
				"$(DERIVED_FILE_DIR)/Pods-adblockTests-checkManifestLockResult.txt",
			);
			runOnlyForDeploymentPostprocessing = 0;
			shellPath = /bin/sh;
			shellScript = "diff \"${PODS_PODFILE_DIR_PATH}/Podfile.lock\" \"${PODS_ROOT}/Manifest.lock\" > /dev/null\nif [ $? != 0 ] ; then\n    # print error to STDERR\n    echo \"error: The sandbox is not in sync with the Podfile.lock. Run 'pod install' or update your CocoaPods installation.\" >&2\n    exit 1\nfi\n# This output is used by Xcode 'outputs' to avoid re-running this script phase.\necho \"SUCCESS\" > \"${SCRIPT_OUTPUT_FILE_0}\"\n";
			showEnvVarsInLog = 0;
		};
		78CAF54C7B458202689C9694 /* [CP] Check Pods Manifest.lock */ = {
			isa = PBXShellScriptBuildPhase;
			buildActionMask = 2147483647;
			files = (
			);
			inputPaths = (
				"${PODS_PODFILE_DIR_PATH}/Podfile.lock",
				"${PODS_ROOT}/Manifest.lock",
			);
			name = "[CP] Check Pods Manifest.lock";
			outputPaths = (
				"$(DERIVED_FILE_DIR)/Pods-adblockUITests-checkManifestLockResult.txt",
			);
			runOnlyForDeploymentPostprocessing = 0;
			shellPath = /bin/sh;
			shellScript = "diff \"${PODS_PODFILE_DIR_PATH}/Podfile.lock\" \"${PODS_ROOT}/Manifest.lock\" > /dev/null\nif [ $? != 0 ] ; then\n    # print error to STDERR\n    echo \"error: The sandbox is not in sync with the Podfile.lock. Run 'pod install' or update your CocoaPods installation.\" >&2\n    exit 1\nfi\n# This output is used by Xcode 'outputs' to avoid re-running this script phase.\necho \"SUCCESS\" > \"${SCRIPT_OUTPUT_FILE_0}\"\n";
			showEnvVarsInLog = 0;
		};
		9E8AFB90E1836FA6DAF15684 /* [CP] Embed Pods Frameworks */ = {
			isa = PBXShellScriptBuildPhase;
			buildActionMask = 2147483647;
			files = (
			);
			inputPaths = (
				"${SRCROOT}/Pods/Target Support Files/Pods-adblock/Pods-adblock-frameworks.sh",
				"${BUILT_PRODUCTS_DIR}/GTMOAuth2/GTMOAuth2.framework",
				"${BUILT_PRODUCTS_DIR}/GTMSessionFetcher/GTMSessionFetcher.framework",
				"${BUILT_PRODUCTS_DIR}/GoogleToolboxForMac/GoogleToolboxForMac.framework",
				"${BUILT_PRODUCTS_DIR}/GoogleUtilities/GoogleUtilities.framework",
				"${BUILT_PRODUCTS_DIR}/leveldb-library/leveldb.framework",
			);
			name = "[CP] Embed Pods Frameworks";
			outputPaths = (
				"${TARGET_BUILD_DIR}/${FRAMEWORKS_FOLDER_PATH}/GTMOAuth2.framework",
				"${TARGET_BUILD_DIR}/${FRAMEWORKS_FOLDER_PATH}/GTMSessionFetcher.framework",
				"${TARGET_BUILD_DIR}/${FRAMEWORKS_FOLDER_PATH}/GoogleToolboxForMac.framework",
				"${TARGET_BUILD_DIR}/${FRAMEWORKS_FOLDER_PATH}/GoogleUtilities.framework",
				"${TARGET_BUILD_DIR}/${FRAMEWORKS_FOLDER_PATH}/leveldb.framework",
			);
			runOnlyForDeploymentPostprocessing = 0;
			shellPath = /bin/sh;
			shellScript = "\"${SRCROOT}/Pods/Target Support Files/Pods-adblock/Pods-adblock-frameworks.sh\"\n";
			showEnvVarsInLog = 0;
		};
		DA22E9436C563B5B0D0EC091 /* [CP] Check Pods Manifest.lock */ = {
			isa = PBXShellScriptBuildPhase;
			buildActionMask = 2147483647;
			files = (
			);
			inputPaths = (
				"${PODS_PODFILE_DIR_PATH}/Podfile.lock",
				"${PODS_ROOT}/Manifest.lock",
			);
			name = "[CP] Check Pods Manifest.lock";
			outputPaths = (
				"$(DERIVED_FILE_DIR)/Pods-adblock-checkManifestLockResult.txt",
			);
			runOnlyForDeploymentPostprocessing = 0;
			shellPath = /bin/sh;
			shellScript = "diff \"${PODS_PODFILE_DIR_PATH}/Podfile.lock\" \"${PODS_ROOT}/Manifest.lock\" > /dev/null\nif [ $? != 0 ] ; then\n    # print error to STDERR\n    echo \"error: The sandbox is not in sync with the Podfile.lock. Run 'pod install' or update your CocoaPods installation.\" >&2\n    exit 1\nfi\n# This output is used by Xcode 'outputs' to avoid re-running this script phase.\necho \"SUCCESS\" > \"${SCRIPT_OUTPUT_FILE_0}\"\n";
			showEnvVarsInLog = 0;
		};
/* End PBXShellScriptBuildPhase section */

/* Begin PBXSourcesBuildPhase section */
		8403DFD721B087B30067CA82 /* Sources */ = {
			isa = PBXSourcesBuildPhase;
			buildActionMask = 2147483647;
			files = (
				8403E04321B08B3B0067CA82 /* Sub2DataSource.swift in Sources */,
				8403E01521B08A450067CA82 /* JsonManager.swift in Sources */,
				8470C75521B7BD3000B61394 /* Detail.swift in Sources */,
				8403E04721B08B430067CA82 /* Sub3TableViewController.swift in Sources */,
				8403E03121B08B2B0067CA82 /* Ad.swift in Sources */,
				8403E03021B08B2B0067CA82 /* RootViewController.swift in Sources */,
				8414D24721B6B7AB001E8339 /* Share.swift in Sources */,
				8470C75221B7BC5100B61394 /* DetailCustomCell.swift in Sources */,
				8403E01621B08A450067CA82 /* ContentBlockerManager.swift in Sources */,
				8403E01921B08A450067CA82 /* SwiftyJSON.swift in Sources */,
				8403E04021B08B3B0067CA82 /* Sub2CustomCell.swift in Sources */,
				8470C75721B8A4E300B61394 /* DetailTableViewController.swift in Sources */,
				8403E03821B08B340067CA82 /* Advance.swift in Sources */,
				8403E03221B08B2B0067CA82 /* RootDataSource.swift in Sources */,
				8403E04921B08B430067CA82 /* Sub3CustomCell.swift in Sources */,
				8403E04121B08B3B0067CA82 /* Sub2ViewController.swift in Sources */,
				8403E03321B08B2B0067CA82 /* RootCustomCell.swift in Sources */,
				8403E03B21B08B340067CA82 /* Sub1CustomCell.swift in Sources */,
				8403DFDF21B087B30067CA82 /* AppDelegate.swift in Sources */,
				8403E03A21B08B340067CA82 /* Sub1TableViewController.swift in Sources */,
				8403E03921B08B340067CA82 /* Sub1DataSource.swift in Sources */,
				8403E04221B08B3B0067CA82 /* Domain.swift in Sources */,
				8403E04821B08B430067CA82 /* Sub3DataSource.swift in Sources */,
			);
			runOnlyForDeploymentPostprocessing = 0;
		};
		8403DFEB21B087B40067CA82 /* Sources */ = {
			isa = PBXSourcesBuildPhase;
			buildActionMask = 2147483647;
			files = (
				8403DFF421B087B40067CA82 /* adblockTests.swift in Sources */,
			);
			runOnlyForDeploymentPostprocessing = 0;
		};
		8403DFF621B087B40067CA82 /* Sources */ = {
			isa = PBXSourcesBuildPhase;
			buildActionMask = 2147483647;
			files = (
				8403DFFF21B087B40067CA82 /* adblockUITests.swift in Sources */,
			);
			runOnlyForDeploymentPostprocessing = 0;
		};
		8403E06021B08D3F0067CA82 /* Sources */ = {
			isa = PBXSourcesBuildPhase;
			buildActionMask = 2147483647;
			files = (
				38D6FA1221B0D73E0021DFA9 /* Ad.swift in Sources */,
				846CB20721B369680002E1CE /* AdDataSource2.swift in Sources */,
				84E9AE9C21B4EB1D00604BAC /* CustomCell.swift in Sources */,
				8403E06921B08D3F0067CA82 /* ActionViewController2.swift in Sources */,
			);
			runOnlyForDeploymentPostprocessing = 0;
		};
		8403E07421B08D520067CA82 /* Sources */ = {
			isa = PBXSourcesBuildPhase;
			buildActionMask = 2147483647;
			files = (
				8403E07D21B08D520067CA82 /* ContentBlockerRequestHandler.swift in Sources */,
			);
			runOnlyForDeploymentPostprocessing = 0;
		};
		8460450321B0DC71001C9340 /* Sources */ = {
			isa = PBXSourcesBuildPhase;
			buildActionMask = 2147483647;
			files = (
				8460451A21B0DCB5001C9340 /* Ad.swift in Sources */,
				8460451B21B0DCB5001C9340 /* AdDataSource.swift in Sources */,
				8460451C21B0DCB5001C9340 /* CustomCell.swift in Sources */,
				8460450C21B0DC71001C9340 /* ActionViewController.swift in Sources */,
			);
			runOnlyForDeploymentPostprocessing = 0;
		};
/* End PBXSourcesBuildPhase section */

/* Begin PBXTargetDependency section */
		8403DFF121B087B40067CA82 /* PBXTargetDependency */ = {
			isa = PBXTargetDependency;
			target = 8403DFDA21B087B30067CA82 /* adblock */;
			targetProxy = 8403DFF021B087B40067CA82 /* PBXContainerItemProxy */;
		};
		8403DFFC21B087B40067CA82 /* PBXTargetDependency */ = {
			isa = PBXTargetDependency;
			target = 8403DFDA21B087B30067CA82 /* adblock */;
			targetProxy = 8403DFFB21B087B40067CA82 /* PBXContainerItemProxy */;
		};
		8403E06F21B08D3F0067CA82 /* PBXTargetDependency */ = {
			isa = PBXTargetDependency;
			target = 8403E06321B08D3F0067CA82 /* ActionExtension2 */;
			targetProxy = 8403E06E21B08D3F0067CA82 /* PBXContainerItemProxy */;
		};
		8403E08021B08D520067CA82 /* PBXTargetDependency */ = {
			isa = PBXTargetDependency;
			target = 8403E07721B08D520067CA82 /* ContentBlockerExtension */;
			targetProxy = 8403E07F21B08D520067CA82 /* PBXContainerItemProxy */;
		};
		8460451221B0DC71001C9340 /* PBXTargetDependency */ = {
			isa = PBXTargetDependency;
			target = 8460450621B0DC71001C9340 /* ActionExtension */;
			targetProxy = 8460451121B0DC71001C9340 /* PBXContainerItemProxy */;
		};
/* End PBXTargetDependency section */

/* Begin PBXVariantGroup section */
		8403DFE221B087B30067CA82 /* Main.storyboard */ = {
			isa = PBXVariantGroup;
			children = (
				8403DFE321B087B30067CA82 /* Base */,
			);
			name = Main.storyboard;
			sourceTree = "<group>";
		};
		8403DFE721B087B40067CA82 /* LaunchScreen.storyboard */ = {
			isa = PBXVariantGroup;
			children = (
				8403DFE821B087B40067CA82 /* Base */,
			);
			name = LaunchScreen.storyboard;
			sourceTree = "<group>";
		};
		8403E06A21B08D3F0067CA82 /* MainInterface.storyboard */ = {
			isa = PBXVariantGroup;
			children = (
				8403E06B21B08D3F0067CA82 /* Base */,
			);
			name = MainInterface.storyboard;
			sourceTree = "<group>";
		};
		8460450D21B0DC71001C9340 /* MainInterface.storyboard */ = {
			isa = PBXVariantGroup;
			children = (
				8460450E21B0DC71001C9340 /* Base */,
			);
			name = MainInterface.storyboard;
			sourceTree = "<group>";
		};
/* End PBXVariantGroup section */

/* Begin XCBuildConfiguration section */
		8403E00121B087B40067CA82 /* Debug */ = {
			isa = XCBuildConfiguration;
			buildSettings = {
				ALWAYS_SEARCH_USER_PATHS = NO;
				CLANG_ANALYZER_NONNULL = YES;
				CLANG_ANALYZER_NUMBER_OBJECT_CONVERSION = YES_AGGRESSIVE;
				CLANG_CXX_LANGUAGE_STANDARD = "gnu++14";
				CLANG_CXX_LIBRARY = "libc++";
				CLANG_ENABLE_MODULES = YES;
				CLANG_ENABLE_OBJC_ARC = YES;
				CLANG_ENABLE_OBJC_WEAK = YES;
				CLANG_WARN_BLOCK_CAPTURE_AUTORELEASING = YES;
				CLANG_WARN_BOOL_CONVERSION = YES;
				CLANG_WARN_COMMA = YES;
				CLANG_WARN_CONSTANT_CONVERSION = YES;
				CLANG_WARN_DEPRECATED_OBJC_IMPLEMENTATIONS = YES;
				CLANG_WARN_DIRECT_OBJC_ISA_USAGE = YES_ERROR;
				CLANG_WARN_DOCUMENTATION_COMMENTS = YES;
				CLANG_WARN_EMPTY_BODY = YES;
				CLANG_WARN_ENUM_CONVERSION = YES;
				CLANG_WARN_INFINITE_RECURSION = YES;
				CLANG_WARN_INT_CONVERSION = YES;
				CLANG_WARN_NON_LITERAL_NULL_CONVERSION = YES;
				CLANG_WARN_OBJC_IMPLICIT_RETAIN_SELF = YES;
				CLANG_WARN_OBJC_LITERAL_CONVERSION = YES;
				CLANG_WARN_OBJC_ROOT_CLASS = YES_ERROR;
				CLANG_WARN_RANGE_LOOP_ANALYSIS = YES;
				CLANG_WARN_STRICT_PROTOTYPES = YES;
				CLANG_WARN_SUSPICIOUS_MOVE = YES;
				CLANG_WARN_UNGUARDED_AVAILABILITY = YES_AGGRESSIVE;
				CLANG_WARN_UNREACHABLE_CODE = YES;
				CLANG_WARN__DUPLICATE_METHOD_MATCH = YES;
				CODE_SIGN_IDENTITY = "iPhone Developer";
				COPY_PHASE_STRIP = NO;
				DEBUG_INFORMATION_FORMAT = dwarf;
				ENABLE_STRICT_OBJC_MSGSEND = YES;
				ENABLE_TESTABILITY = YES;
				GCC_C_LANGUAGE_STANDARD = gnu11;
				GCC_DYNAMIC_NO_PIC = NO;
				GCC_NO_COMMON_BLOCKS = YES;
				GCC_OPTIMIZATION_LEVEL = 0;
				GCC_PREPROCESSOR_DEFINITIONS = (
					"DEBUG=1",
					"$(inherited)",
				);
				GCC_WARN_64_TO_32_BIT_CONVERSION = YES;
				GCC_WARN_ABOUT_RETURN_TYPE = YES_ERROR;
				GCC_WARN_UNDECLARED_SELECTOR = YES;
				GCC_WARN_UNINITIALIZED_AUTOS = YES_AGGRESSIVE;
				GCC_WARN_UNUSED_FUNCTION = YES;
				GCC_WARN_UNUSED_VARIABLE = YES;
				IPHONEOS_DEPLOYMENT_TARGET = 12.1;
				MTL_ENABLE_DEBUG_INFO = INCLUDE_SOURCE;
				MTL_FAST_MATH = YES;
				ONLY_ACTIVE_ARCH = YES;
				SDKROOT = iphoneos;
				SWIFT_ACTIVE_COMPILATION_CONDITIONS = DEBUG;
				SWIFT_OPTIMIZATION_LEVEL = "-Onone";
			};
			name = Debug;
		};
		8403E00221B087B40067CA82 /* Release */ = {
			isa = XCBuildConfiguration;
			buildSettings = {
				ALWAYS_SEARCH_USER_PATHS = NO;
				CLANG_ANALYZER_NONNULL = YES;
				CLANG_ANALYZER_NUMBER_OBJECT_CONVERSION = YES_AGGRESSIVE;
				CLANG_CXX_LANGUAGE_STANDARD = "gnu++14";
				CLANG_CXX_LIBRARY = "libc++";
				CLANG_ENABLE_MODULES = YES;
				CLANG_ENABLE_OBJC_ARC = YES;
				CLANG_ENABLE_OBJC_WEAK = YES;
				CLANG_WARN_BLOCK_CAPTURE_AUTORELEASING = YES;
				CLANG_WARN_BOOL_CONVERSION = YES;
				CLANG_WARN_COMMA = YES;
				CLANG_WARN_CONSTANT_CONVERSION = YES;
				CLANG_WARN_DEPRECATED_OBJC_IMPLEMENTATIONS = YES;
				CLANG_WARN_DIRECT_OBJC_ISA_USAGE = YES_ERROR;
				CLANG_WARN_DOCUMENTATION_COMMENTS = YES;
				CLANG_WARN_EMPTY_BODY = YES;
				CLANG_WARN_ENUM_CONVERSION = YES;
				CLANG_WARN_INFINITE_RECURSION = YES;
				CLANG_WARN_INT_CONVERSION = YES;
				CLANG_WARN_NON_LITERAL_NULL_CONVERSION = YES;
				CLANG_WARN_OBJC_IMPLICIT_RETAIN_SELF = YES;
				CLANG_WARN_OBJC_LITERAL_CONVERSION = YES;
				CLANG_WARN_OBJC_ROOT_CLASS = YES_ERROR;
				CLANG_WARN_RANGE_LOOP_ANALYSIS = YES;
				CLANG_WARN_STRICT_PROTOTYPES = YES;
				CLANG_WARN_SUSPICIOUS_MOVE = YES;
				CLANG_WARN_UNGUARDED_AVAILABILITY = YES_AGGRESSIVE;
				CLANG_WARN_UNREACHABLE_CODE = YES;
				CLANG_WARN__DUPLICATE_METHOD_MATCH = YES;
				CODE_SIGN_IDENTITY = "iPhone Developer";
				COPY_PHASE_STRIP = NO;
				DEBUG_INFORMATION_FORMAT = "dwarf-with-dsym";
				ENABLE_NS_ASSERTIONS = NO;
				ENABLE_STRICT_OBJC_MSGSEND = YES;
				GCC_C_LANGUAGE_STANDARD = gnu11;
				GCC_NO_COMMON_BLOCKS = YES;
				GCC_WARN_64_TO_32_BIT_CONVERSION = YES;
				GCC_WARN_ABOUT_RETURN_TYPE = YES_ERROR;
				GCC_WARN_UNDECLARED_SELECTOR = YES;
				GCC_WARN_UNINITIALIZED_AUTOS = YES_AGGRESSIVE;
				GCC_WARN_UNUSED_FUNCTION = YES;
				GCC_WARN_UNUSED_VARIABLE = YES;
				IPHONEOS_DEPLOYMENT_TARGET = 12.1;
				MTL_ENABLE_DEBUG_INFO = NO;
				MTL_FAST_MATH = YES;
				SDKROOT = iphoneos;
				SWIFT_COMPILATION_MODE = wholemodule;
				SWIFT_OPTIMIZATION_LEVEL = "-O";
				VALIDATE_PRODUCT = YES;
			};
			name = Release;
		};
		8403E00421B087B40067CA82 /* Debug */ = {
			isa = XCBuildConfiguration;
			baseConfigurationReference = 40D752771FA3FE1DC073A9EC /* Pods-adblock.debug.xcconfig */;
			buildSettings = {
				ALWAYS_EMBED_SWIFT_STANDARD_LIBRARIES = YES;
				ASSETCATALOG_COMPILER_APPICON_NAME = AppIcon;
				CODE_SIGN_ENTITLEMENTS = adblock/adblock.entitlements;
				CODE_SIGN_STYLE = Automatic;
				DEVELOPMENT_TEAM = DF4TM3GVMC;
				INFOPLIST_FILE = adblock/Info.plist;
				IPHONEOS_DEPLOYMENT_TARGET = 12.1;
				LD_RUNPATH_SEARCH_PATHS = (
					"$(inherited)",
					"@executable_path/Frameworks",
				);
				PRODUCT_BUNDLE_IDENTIFIER = jp.ac.osakac.cs.hisalab.adblock;
				PRODUCT_NAME = "$(TARGET_NAME)";
				SWIFT_VERSION = 4.2;
				TARGETED_DEVICE_FAMILY = 1;
			};
			name = Debug;
		};
		8403E00521B087B40067CA82 /* Release */ = {
			isa = XCBuildConfiguration;
			baseConfigurationReference = E78A0ABBE98886C52074A864 /* Pods-adblock.release.xcconfig */;
			buildSettings = {
				ALWAYS_EMBED_SWIFT_STANDARD_LIBRARIES = YES;
				ASSETCATALOG_COMPILER_APPICON_NAME = AppIcon;
				CODE_SIGN_ENTITLEMENTS = adblock/adblock.entitlements;
				CODE_SIGN_STYLE = Automatic;
				DEVELOPMENT_TEAM = DF4TM3GVMC;
				INFOPLIST_FILE = adblock/Info.plist;
				IPHONEOS_DEPLOYMENT_TARGET = 12.1;
				LD_RUNPATH_SEARCH_PATHS = (
					"$(inherited)",
					"@executable_path/Frameworks",
				);
				PRODUCT_BUNDLE_IDENTIFIER = jp.ac.osakac.cs.hisalab.adblock;
				PRODUCT_NAME = "$(TARGET_NAME)";
				SWIFT_VERSION = 4.2;
				TARGETED_DEVICE_FAMILY = 1;
			};
			name = Release;
		};
		8403E00721B087B40067CA82 /* Debug */ = {
			isa = XCBuildConfiguration;
			baseConfigurationReference = 94314237E570AB4ED6F033EE /* Pods-adblockTests.debug.xcconfig */;
			buildSettings = {
				ALWAYS_EMBED_SWIFT_STANDARD_LIBRARIES = YES;
				BUNDLE_LOADER = "$(TEST_HOST)";
				CODE_SIGN_STYLE = Automatic;
				DEVELOPMENT_TEAM = DF4TM3GVMC;
				INFOPLIST_FILE = adblockTests/Info.plist;
				LD_RUNPATH_SEARCH_PATHS = (
					"$(inherited)",
					"@executable_path/Frameworks",
					"@loader_path/Frameworks",
				);
				PRODUCT_BUNDLE_IDENTIFIER = jp.ac.osakac.cs.hisalab.adblockTests;
				PRODUCT_NAME = "$(TARGET_NAME)";
				SWIFT_VERSION = 4.2;
				TARGETED_DEVICE_FAMILY = "1,2";
				TEST_HOST = "$(BUILT_PRODUCTS_DIR)/adblock.app/adblock";
			};
			name = Debug;
		};
		8403E00821B087B40067CA82 /* Release */ = {
			isa = XCBuildConfiguration;
			baseConfigurationReference = 126F6F2A6CF4F2C330E9746B /* Pods-adblockTests.release.xcconfig */;
			buildSettings = {
				ALWAYS_EMBED_SWIFT_STANDARD_LIBRARIES = YES;
				BUNDLE_LOADER = "$(TEST_HOST)";
				CODE_SIGN_STYLE = Automatic;
				DEVELOPMENT_TEAM = DF4TM3GVMC;
				INFOPLIST_FILE = adblockTests/Info.plist;
				LD_RUNPATH_SEARCH_PATHS = (
					"$(inherited)",
					"@executable_path/Frameworks",
					"@loader_path/Frameworks",
				);
				PRODUCT_BUNDLE_IDENTIFIER = jp.ac.osakac.cs.hisalab.adblockTests;
				PRODUCT_NAME = "$(TARGET_NAME)";
				SWIFT_VERSION = 4.2;
				TARGETED_DEVICE_FAMILY = "1,2";
				TEST_HOST = "$(BUILT_PRODUCTS_DIR)/adblock.app/adblock";
			};
			name = Release;
		};
		8403E00A21B087B40067CA82 /* Debug */ = {
			isa = XCBuildConfiguration;
			baseConfigurationReference = 0F2283435C496A6E0C9D0182 /* Pods-adblockUITests.debug.xcconfig */;
			buildSettings = {
				ALWAYS_EMBED_SWIFT_STANDARD_LIBRARIES = YES;
				CODE_SIGN_STYLE = Automatic;
				DEVELOPMENT_TEAM = DF4TM3GVMC;
				INFOPLIST_FILE = adblockUITests/Info.plist;
				LD_RUNPATH_SEARCH_PATHS = (
					"$(inherited)",
					"@executable_path/Frameworks",
					"@loader_path/Frameworks",
				);
				PRODUCT_BUNDLE_IDENTIFIER = jp.ac.osakac.cs.hisalab.adblockUITests;
				PRODUCT_NAME = "$(TARGET_NAME)";
				SWIFT_VERSION = 4.2;
				TARGETED_DEVICE_FAMILY = "1,2";
				TEST_TARGET_NAME = adblock;
			};
			name = Debug;
		};
		8403E00B21B087B40067CA82 /* Release */ = {
			isa = XCBuildConfiguration;
			baseConfigurationReference = 50F95E8DF256C6B003410C77 /* Pods-adblockUITests.release.xcconfig */;
			buildSettings = {
				ALWAYS_EMBED_SWIFT_STANDARD_LIBRARIES = YES;
				CODE_SIGN_STYLE = Automatic;
				DEVELOPMENT_TEAM = DF4TM3GVMC;
				INFOPLIST_FILE = adblockUITests/Info.plist;
				LD_RUNPATH_SEARCH_PATHS = (
					"$(inherited)",
					"@executable_path/Frameworks",
					"@loader_path/Frameworks",
				);
				PRODUCT_BUNDLE_IDENTIFIER = jp.ac.osakac.cs.hisalab.adblockUITests;
				PRODUCT_NAME = "$(TARGET_NAME)";
				SWIFT_VERSION = 4.2;
				TARGETED_DEVICE_FAMILY = "1,2";
				TEST_TARGET_NAME = adblock;
			};
			name = Release;
		};
		8403E07221B08D3F0067CA82 /* Debug */ = {
			isa = XCBuildConfiguration;
			buildSettings = {
				CODE_SIGN_ENTITLEMENTS = ActionExtension2/ActionExtension2.entitlements;
				CODE_SIGN_STYLE = Automatic;
				DEVELOPMENT_TEAM = DF4TM3GVMC;
				INFOPLIST_FILE = ActionExtension2/Info.plist;
				LD_RUNPATH_SEARCH_PATHS = (
					"$(inherited)",
					"@executable_path/Frameworks",
					"@executable_path/../../Frameworks",
				);
				PRODUCT_BUNDLE_IDENTIFIER = jp.ac.osakac.cs.hisalab.adblock.ActionExtension2;
				PRODUCT_NAME = "$(TARGET_NAME)";
				SKIP_INSTALL = YES;
				SWIFT_VERSION = 4.2;
				TARGETED_DEVICE_FAMILY = "1,2";
			};
			name = Debug;
		};
		8403E07321B08D3F0067CA82 /* Release */ = {
			isa = XCBuildConfiguration;
			buildSettings = {
				CODE_SIGN_ENTITLEMENTS = ActionExtension2/ActionExtension2.entitlements;
				CODE_SIGN_STYLE = Automatic;
				DEVELOPMENT_TEAM = DF4TM3GVMC;
				INFOPLIST_FILE = ActionExtension2/Info.plist;
				LD_RUNPATH_SEARCH_PATHS = (
					"$(inherited)",
					"@executable_path/Frameworks",
					"@executable_path/../../Frameworks",
				);
				PRODUCT_BUNDLE_IDENTIFIER = jp.ac.osakac.cs.hisalab.adblock.ActionExtension2;
				PRODUCT_NAME = "$(TARGET_NAME)";
				SKIP_INSTALL = YES;
				SWIFT_VERSION = 4.2;
				TARGETED_DEVICE_FAMILY = "1,2";
			};
			name = Release;
		};
		8403E08321B08D520067CA82 /* Debug */ = {
			isa = XCBuildConfiguration;
			buildSettings = {
				CODE_SIGN_ENTITLEMENTS = ContentBlockerExtension/ContentBlockerExtension.entitlements;
				CODE_SIGN_STYLE = Automatic;
				DEVELOPMENT_TEAM = DF4TM3GVMC;
				INFOPLIST_FILE = ContentBlockerExtension/Info.plist;
				LD_RUNPATH_SEARCH_PATHS = (
					"$(inherited)",
					"@executable_path/Frameworks",
					"@executable_path/../../Frameworks",
				);
				PRODUCT_BUNDLE_IDENTIFIER = jp.ac.osakac.cs.hisalab.adblock.ContentBlockerExtension;
				PRODUCT_NAME = "$(TARGET_NAME)";
				SKIP_INSTALL = YES;
				SWIFT_VERSION = 4.2;
				TARGETED_DEVICE_FAMILY = "1,2";
			};
			name = Debug;
		};
		8403E08421B08D520067CA82 /* Release */ = {
			isa = XCBuildConfiguration;
			buildSettings = {
				CODE_SIGN_ENTITLEMENTS = ContentBlockerExtension/ContentBlockerExtension.entitlements;
				CODE_SIGN_STYLE = Automatic;
				DEVELOPMENT_TEAM = DF4TM3GVMC;
				INFOPLIST_FILE = ContentBlockerExtension/Info.plist;
				LD_RUNPATH_SEARCH_PATHS = (
					"$(inherited)",
					"@executable_path/Frameworks",
					"@executable_path/../../Frameworks",
				);
				PRODUCT_BUNDLE_IDENTIFIER = jp.ac.osakac.cs.hisalab.adblock.ContentBlockerExtension;
				PRODUCT_NAME = "$(TARGET_NAME)";
				SKIP_INSTALL = YES;
				SWIFT_VERSION = 4.2;
				TARGETED_DEVICE_FAMILY = "1,2";
			};
			name = Release;
		};
		8460451521B0DC71001C9340 /* Debug */ = {
			isa = XCBuildConfiguration;
			buildSettings = {
				CODE_SIGN_ENTITLEMENTS = ActionExtension/ActionExtension.entitlements;
				CODE_SIGN_STYLE = Automatic;
				DEVELOPMENT_TEAM = DF4TM3GVMC;
				INFOPLIST_FILE = ActionExtension/Info.plist;
				LD_RUNPATH_SEARCH_PATHS = (
					"$(inherited)",
					"@executable_path/Frameworks",
					"@executable_path/../../Frameworks",
				);
				PRODUCT_BUNDLE_IDENTIFIER = jp.ac.osakac.cs.hisalab.adblock.ActionExtension;
				PRODUCT_NAME = "$(TARGET_NAME)";
				SKIP_INSTALL = YES;
				SWIFT_VERSION = 4.2;
				TARGETED_DEVICE_FAMILY = "1,2";
			};
			name = Debug;
		};
		8460451621B0DC71001C9340 /* Release */ = {
			isa = XCBuildConfiguration;
			buildSettings = {
				CODE_SIGN_ENTITLEMENTS = ActionExtension/ActionExtension.entitlements;
				CODE_SIGN_STYLE = Automatic;
				DEVELOPMENT_TEAM = DF4TM3GVMC;
				INFOPLIST_FILE = ActionExtension/Info.plist;
				LD_RUNPATH_SEARCH_PATHS = (
					"$(inherited)",
					"@executable_path/Frameworks",
					"@executable_path/../../Frameworks",
				);
				PRODUCT_BUNDLE_IDENTIFIER = jp.ac.osakac.cs.hisalab.adblock.ActionExtension;
				PRODUCT_NAME = "$(TARGET_NAME)";
				SKIP_INSTALL = YES;
				SWIFT_VERSION = 4.2;
				TARGETED_DEVICE_FAMILY = "1,2";
			};
			name = Release;
		};
/* End XCBuildConfiguration section */

/* Begin XCConfigurationList section */
		8403DFD621B087B30067CA82 /* Build configuration list for PBXProject "adblock" */ = {
			isa = XCConfigurationList;
			buildConfigurations = (
				8403E00121B087B40067CA82 /* Debug */,
				8403E00221B087B40067CA82 /* Release */,
			);
			defaultConfigurationIsVisible = 0;
			defaultConfigurationName = Release;
		};
		8403E00321B087B40067CA82 /* Build configuration list for PBXNativeTarget "adblock" */ = {
			isa = XCConfigurationList;
			buildConfigurations = (
				8403E00421B087B40067CA82 /* Debug */,
				8403E00521B087B40067CA82 /* Release */,
			);
			defaultConfigurationIsVisible = 0;
			defaultConfigurationName = Release;
		};
		8403E00621B087B40067CA82 /* Build configuration list for PBXNativeTarget "adblockTests" */ = {
			isa = XCConfigurationList;
			buildConfigurations = (
				8403E00721B087B40067CA82 /* Debug */,
				8403E00821B087B40067CA82 /* Release */,
			);
			defaultConfigurationIsVisible = 0;
			defaultConfigurationName = Release;
		};
		8403E00921B087B40067CA82 /* Build configuration list for PBXNativeTarget "adblockUITests" */ = {
			isa = XCConfigurationList;
			buildConfigurations = (
				8403E00A21B087B40067CA82 /* Debug */,
				8403E00B21B087B40067CA82 /* Release */,
			);
			defaultConfigurationIsVisible = 0;
			defaultConfigurationName = Release;
		};
		8403E07121B08D3F0067CA82 /* Build configuration list for PBXNativeTarget "ActionExtension2" */ = {
			isa = XCConfigurationList;
			buildConfigurations = (
				8403E07221B08D3F0067CA82 /* Debug */,
				8403E07321B08D3F0067CA82 /* Release */,
			);
			defaultConfigurationIsVisible = 0;
			defaultConfigurationName = Release;
		};
		8403E08221B08D520067CA82 /* Build configuration list for PBXNativeTarget "ContentBlockerExtension" */ = {
			isa = XCConfigurationList;
			buildConfigurations = (
				8403E08321B08D520067CA82 /* Debug */,
				8403E08421B08D520067CA82 /* Release */,
			);
			defaultConfigurationIsVisible = 0;
			defaultConfigurationName = Release;
		};
		8460451421B0DC71001C9340 /* Build configuration list for PBXNativeTarget "ActionExtension" */ = {
			isa = XCConfigurationList;
			buildConfigurations = (
				8460451521B0DC71001C9340 /* Debug */,
				8460451621B0DC71001C9340 /* Release */,
			);
			defaultConfigurationIsVisible = 0;
			defaultConfigurationName = Release;
		};
/* End XCConfigurationList section */
	};
	rootObject = 8403DFD321B087B30067CA82 /* Project object */;
}
