// !$*UTF8*$!
{
	archiveVersion = 1;
	classes = {
	};
	objectVersion = 50;
	objects = {

/* Begin PBXBuildFile section */
		844315D62109B045000D41B8 /* AppDelegate.swift in Sources */ = {isa = PBXBuildFile; fileRef = 844315D52109B045000D41B8 /* AppDelegate.swift */; };
		844315D82109B045000D41B8 /* ViewController.swift in Sources */ = {isa = PBXBuildFile; fileRef = 844315D72109B045000D41B8 /* ViewController.swift */; };
		844315DB2109B045000D41B8 /* Main.storyboard in Resources */ = {isa = PBXBuildFile; fileRef = 844315D92109B045000D41B8 /* Main.storyboard */; };
		844315DD2109B047000D41B8 /* Assets.xcassets in Resources */ = {isa = PBXBuildFile; fileRef = 844315DC2109B047000D41B8 /* Assets.xcassets */; };
		844315E02109B047000D41B8 /* LaunchScreen.storyboard in Resources */ = {isa = PBXBuildFile; fileRef = 844315DE2109B047000D41B8 /* LaunchScreen.storyboard */; };
		844315EB2109B047000D41B8 /* adblockTests.swift in Sources */ = {isa = PBXBuildFile; fileRef = 844315EA2109B047000D41B8 /* adblockTests.swift */; };
		844315F62109B047000D41B8 /* adblockUITests.swift in Sources */ = {isa = PBXBuildFile; fileRef = 844315F52109B047000D41B8 /* adblockUITests.swift */; };
/* End PBXBuildFile section */

/* Begin PBXContainerItemProxy section */
		844315E72109B047000D41B8 /* PBXContainerItemProxy */ = {
			isa = PBXContainerItemProxy;
			containerPortal = 844315CA2109B045000D41B8 /* Project object */;
			proxyType = 1;
			remoteGlobalIDString = 844315D12109B045000D41B8;
			remoteInfo = adblock;
		};
		844315F22109B047000D41B8 /* PBXContainerItemProxy */ = {
			isa = PBXContainerItemProxy;
			containerPortal = 844315CA2109B045000D41B8 /* Project object */;
			proxyType = 1;
			remoteGlobalIDString = 844315D12109B045000D41B8;
			remoteInfo = adblock;
		};
/* End PBXContainerItemProxy section */

/* Begin PBXFileReference section */
		844315D22109B045000D41B8 /* adblock.app */ = {isa = PBXFileReference; explicitFileType = wrapper.application; includeInIndex = 0; path = adblock.app; sourceTree = BUILT_PRODUCTS_DIR; };
		844315D52109B045000D41B8 /* AppDelegate.swift */ = {isa = PBXFileReference; lastKnownFileType = sourcecode.swift; path = AppDelegate.swift; sourceTree = "<group>"; };
		844315D72109B045000D41B8 /* ViewController.swift */ = {isa = PBXFileReference; lastKnownFileType = sourcecode.swift; path = ViewController.swift; sourceTree = "<group>"; };
		844315DA2109B045000D41B8 /* Base */ = {isa = PBXFileReference; lastKnownFileType = file.storyboard; name = Base; path = Base.lproj/Main.storyboard; sourceTree = "<group>"; };
		844315DC2109B047000D41B8 /* Assets.xcassets */ = {isa = PBXFileReference; lastKnownFileType = folder.assetcatalog; path = Assets.xcassets; sourceTree = "<group>"; };
		844315DF2109B047000D41B8 /* Base */ = {isa = PBXFileReference; lastKnownFileType = file.storyboard; name = Base; path = Base.lproj/LaunchScreen.storyboard; sourceTree = "<group>"; };
		844315E12109B047000D41B8 /* Info.plist */ = {isa = PBXFileReference; lastKnownFileType = text.plist.xml; path = Info.plist; sourceTree = "<group>"; };
		844315E62109B047000D41B8 /* adblockTests.xctest */ = {isa = PBXFileReference; explicitFileType = wrapper.cfbundle; includeInIndex = 0; path = adblockTests.xctest; sourceTree = BUILT_PRODUCTS_DIR; };
		844315EA2109B047000D41B8 /* adblockTests.swift */ = {isa = PBXFileReference; lastKnownFileType = sourcecode.swift; path = adblockTests.swift; sourceTree = "<group>"; };
		844315EC2109B047000D41B8 /* Info.plist */ = {isa = PBXFileReference; lastKnownFileType = text.plist.xml; path = Info.plist; sourceTree = "<group>"; };
		844315F12109B047000D41B8 /* adblockUITests.xctest */ = {isa = PBXFileReference; explicitFileType = wrapper.cfbundle; includeInIndex = 0; path = adblockUITests.xctest; sourceTree = BUILT_PRODUCTS_DIR; };
		844315F52109B047000D41B8 /* adblockUITests.swift */ = {isa = PBXFileReference; lastKnownFileType = sourcecode.swift; path = adblockUITests.swift; sourceTree = "<group>"; };
		844315F72109B047000D41B8 /* Info.plist */ = {isa = PBXFileReference; lastKnownFileType = text.plist.xml; path = Info.plist; sourceTree = "<group>"; };
/* End PBXFileReference section */

/* Begin PBXFrameworksBuildPhase section */
		844315CF2109B045000D41B8 /* Frameworks */ = {
			isa = PBXFrameworksBuildPhase;
			buildActionMask = 2147483647;
			files = (
			);
			runOnlyForDeploymentPostprocessing = 0;
		};
		844315E32109B047000D41B8 /* Frameworks */ = {
			isa = PBXFrameworksBuildPhase;
			buildActionMask = 2147483647;
			files = (
			);
			runOnlyForDeploymentPostprocessing = 0;
		};
		844315EE2109B047000D41B8 /* Frameworks */ = {
			isa = PBXFrameworksBuildPhase;
			buildActionMask = 2147483647;
			files = (
			);
			runOnlyForDeploymentPostprocessing = 0;
		};
/* End PBXFrameworksBuildPhase section */

/* Begin PBXGroup section */
		844315C92109B045000D41B8 = {
			isa = PBXGroup;
			children = (
				844315D42109B045000D41B8 /* adblock */,
				844315E92109B047000D41B8 /* adblockTests */,
				844315F42109B047000D41B8 /* adblockUITests */,
				844315D32109B045000D41B8 /* Products */,
			);
			sourceTree = "<group>";
		};
		844315D32109B045000D41B8 /* Products */ = {
			isa = PBXGroup;
			children = (
				844315D22109B045000D41B8 /* adblock.app */,
				844315E62109B047000D41B8 /* adblockTests.xctest */,
				844315F12109B047000D41B8 /* adblockUITests.xctest */,
			);
			name = Products;
			sourceTree = "<group>";
		};
		844315D42109B045000D41B8 /* adblock */ = {
			isa = PBXGroup;
			children = (
				844315D52109B045000D41B8 /* AppDelegate.swift */,
				844315D72109B045000D41B8 /* ViewController.swift */,
				844315D92109B045000D41B8 /* Main.storyboard */,
				844315DC2109B047000D41B8 /* Assets.xcassets */,
				844315DE2109B047000D41B8 /* LaunchScreen.storyboard */,
				844315E12109B047000D41B8 /* Info.plist */,
			);
			path = adblock;
			sourceTree = "<group>";
		};
		844315E92109B047000D41B8 /* adblockTests */ = {
			isa = PBXGroup;
			children = (
				844315EA2109B047000D41B8 /* adblockTests.swift */,
				844315EC2109B047000D41B8 /* Info.plist */,
			);
			path = adblockTests;
			sourceTree = "<group>";
		};
		844315F42109B047000D41B8 /* adblockUITests */ = {
			isa = PBXGroup;
			children = (
				844315F52109B047000D41B8 /* adblockUITests.swift */,
				844315F72109B047000D41B8 /* Info.plist */,
			);
			path = adblockUITests;
			sourceTree = "<group>";
		};
/* End PBXGroup section */

/* Begin PBXNativeTarget section */
		844315D12109B045000D41B8 /* adblock */ = {
			isa = PBXNativeTarget;
			buildConfigurationList = 844315FA2109B047000D41B8 /* Build configuration list for PBXNativeTarget "adblock" */;
			buildPhases = (
				844315CE2109B045000D41B8 /* Sources */,
				844315CF2109B045000D41B8 /* Frameworks */,
				844315D02109B045000D41B8 /* Resources */,
			);
			buildRules = (
			);
			dependencies = (
			);
			name = adblock;
			productName = adblock;
			productReference = 844315D22109B045000D41B8 /* adblock.app */;
			productType = "com.apple.product-type.application";
		};
		844315E52109B047000D41B8 /* adblockTests */ = {
			isa = PBXNativeTarget;
			buildConfigurationList = 844315FD2109B047000D41B8 /* Build configuration list for PBXNativeTarget "adblockTests" */;
			buildPhases = (
				844315E22109B047000D41B8 /* Sources */,
				844315E32109B047000D41B8 /* Frameworks */,
				844315E42109B047000D41B8 /* Resources */,
			);
			buildRules = (
			);
			dependencies = (
				844315E82109B047000D41B8 /* PBXTargetDependency */,
			);
			name = adblockTests;
			productName = adblockTests;
			productReference = 844315E62109B047000D41B8 /* adblockTests.xctest */;
			productType = "com.apple.product-type.bundle.unit-test";
		};
		844315F02109B047000D41B8 /* adblockUITests */ = {
			isa = PBXNativeTarget;
			buildConfigurationList = 844316002109B047000D41B8 /* Build configuration list for PBXNativeTarget "adblockUITests" */;
			buildPhases = (
				844315ED2109B047000D41B8 /* Sources */,
				844315EE2109B047000D41B8 /* Frameworks */,
				844315EF2109B047000D41B8 /* Resources */,
			);
			buildRules = (
			);
			dependencies = (
				844315F32109B047000D41B8 /* PBXTargetDependency */,
			);
			name = adblockUITests;
			productName = adblockUITests;
			productReference = 844315F12109B047000D41B8 /* adblockUITests.xctest */;
			productType = "com.apple.product-type.bundle.ui-testing";
		};
/* End PBXNativeTarget section */

/* Begin PBXProject section */
		844315CA2109B045000D41B8 /* Project object */ = {
			isa = PBXProject;
			attributes = {
				LastSwiftUpdateCheck = 0940;
				LastUpgradeCheck = 0940;
				ORGANIZATIONNAME = admin;
				TargetAttributes = {
					844315D12109B045000D41B8 = {
						CreatedOnToolsVersion = 9.4.1;
					};
					844315E52109B047000D41B8 = {
						CreatedOnToolsVersion = 9.4.1;
						TestTargetID = 844315D12109B045000D41B8;
					};
					844315F02109B047000D41B8 = {
						CreatedOnToolsVersion = 9.4.1;
						TestTargetID = 844315D12109B045000D41B8;
					};
				};
			};
			buildConfigurationList = 844315CD2109B045000D41B8 /* Build configuration list for PBXProject "adblock" */;
			compatibilityVersion = "Xcode 9.3";
			developmentRegion = en;
			hasScannedForEncodings = 0;
			knownRegions = (
				en,
				Base,
			);
			mainGroup = 844315C92109B045000D41B8;
			productRefGroup = 844315D32109B045000D41B8 /* Products */;
			projectDirPath = "";
			projectRoot = "";
			targets = (
				844315D12109B045000D41B8 /* adblock */,
				844315E52109B047000D41B8 /* adblockTests */,
				844315F02109B047000D41B8 /* adblockUITests */,
			);
		};
/* End PBXProject section */

/* Begin PBXResourcesBuildPhase section */
		844315D02109B045000D41B8 /* Resources */ = {
			isa = PBXResourcesBuildPhase;
			buildActionMask = 2147483647;
			files = (
				844315E02109B047000D41B8 /* LaunchScreen.storyboard in Resources */,
				844315DD2109B047000D41B8 /* Assets.xcassets in Resources */,
				844315DB2109B045000D41B8 /* Main.storyboard in Resources */,
			);
			runOnlyForDeploymentPostprocessing = 0;
		};
		844315E42109B047000D41B8 /* Resources */ = {
			isa = PBXResourcesBuildPhase;
			buildActionMask = 2147483647;
			files = (
			);
			runOnlyForDeploymentPostprocessing = 0;
		};
		844315EF2109B047000D41B8 /* Resources */ = {
			isa = PBXResourcesBuildPhase;
			buildActionMask = 2147483647;
			files = (
			);
			runOnlyForDeploymentPostprocessing = 0;
		};
/* End PBXResourcesBuildPhase section */

/* Begin PBXSourcesBuildPhase section */
		844315CE2109B045000D41B8 /* Sources */ = {
			isa = PBXSourcesBuildPhase;
			buildActionMask = 2147483647;
			files = (
				844315D82109B045000D41B8 /* ViewController.swift in Sources */,
				844315D62109B045000D41B8 /* AppDelegate.swift in Sources */,
			);
			runOnlyForDeploymentPostprocessing = 0;
		};
		844315E22109B047000D41B8 /* Sources */ = {
			isa = PBXSourcesBuildPhase;
			buildActionMask = 2147483647;
			files = (
				844315EB2109B047000D41B8 /* adblockTests.swift in Sources */,
			);
			runOnlyForDeploymentPostprocessing = 0;
		};
		844315ED2109B047000D41B8 /* Sources */ = {
			isa = PBXSourcesBuildPhase;
			buildActionMask = 2147483647;
			files = (
				844315F62109B047000D41B8 /* adblockUITests.swift in Sources */,
			);
			runOnlyForDeploymentPostprocessing = 0;
		};
/* End PBXSourcesBuildPhase section */

/* Begin PBXTargetDependency section */
		844315E82109B047000D41B8 /* PBXTargetDependency */ = {
			isa = PBXTargetDependency;
			target = 844315D12109B045000D41B8 /* adblock */;
			targetProxy = 844315E72109B047000D41B8 /* PBXContainerItemProxy */;
		};
		844315F32109B047000D41B8 /* PBXTargetDependency */ = {
			isa = PBXTargetDependency;
			target = 844315D12109B045000D41B8 /* adblock */;
			targetProxy = 844315F22109B047000D41B8 /* PBXContainerItemProxy */;
		};
/* End PBXTargetDependency section */

/* Begin PBXVariantGroup section */
		844315D92109B045000D41B8 /* Main.storyboard */ = {
			isa = PBXVariantGroup;
			children = (
				844315DA2109B045000D41B8 /* Base */,
			);
			name = Main.storyboard;
			sourceTree = "<group>";
		};
		844315DE2109B047000D41B8 /* LaunchScreen.storyboard */ = {
			isa = PBXVariantGroup;
			children = (
				844315DF2109B047000D41B8 /* Base */,
			);
			name = LaunchScreen.storyboard;
			sourceTree = "<group>";
		};
/* End PBXVariantGroup section */

/* Begin XCBuildConfiguration section */
		844315F82109B047000D41B8 /* Debug */ = {
			isa = XCBuildConfiguration;
			buildSettings = {
				ALWAYS_SEARCH_USER_PATHS = NO;
				CLANG_ANALYZER_NONNULL = YES;
				CLANG_ANALYZER_NUMBER_OBJECT_CONVERSION = YES_AGGRESSIVE;
				CLANG_CXX_LANGUAGE_STANDARD = "gnu++14";
				CLANG_CXX_LIBRARY = "libc++";
				CLANG_ENABLE_MODULES = YES;
				CLANG_ENABLE_OBJC_ARC = YES;
				CLANG_ENABLE_OBJC_WEAK = YES;
				CLANG_WARN_BLOCK_CAPTURE_AUTORELEASING = YES;
				CLANG_WARN_BOOL_CONVERSION = YES;
				CLANG_WARN_COMMA = YES;
				CLANG_WARN_CONSTANT_CONVERSION = YES;
				CLANG_WARN_DEPRECATED_OBJC_IMPLEMENTATIONS = YES;
				CLANG_WARN_DIRECT_OBJC_ISA_USAGE = YES_ERROR;
				CLANG_WARN_DOCUMENTATION_COMMENTS = YES;
				CLANG_WARN_EMPTY_BODY = YES;
				CLANG_WARN_ENUM_CONVERSION = YES;
				CLANG_WARN_INFINITE_RECURSION = YES;
				CLANG_WARN_INT_CONVERSION = YES;
				CLANG_WARN_NON_LITERAL_NULL_CONVERSION = YES;
				CLANG_WARN_OBJC_IMPLICIT_RETAIN_SELF = YES;
				CLANG_WARN_OBJC_LITERAL_CONVERSION = YES;
				CLANG_WARN_OBJC_ROOT_CLASS = YES_ERROR;
				CLANG_WARN_RANGE_LOOP_ANALYSIS = YES;
				CLANG_WARN_STRICT_PROTOTYPES = YES;
				CLANG_WARN_SUSPICIOUS_MOVE = YES;
				CLANG_WARN_UNGUARDED_AVAILABILITY = YES_AGGRESSIVE;
				CLANG_WARN_UNREACHABLE_CODE = YES;
				CLANG_WARN__DUPLICATE_METHOD_MATCH = YES;
				CODE_SIGN_IDENTITY = "iPhone Developer";
				COPY_PHASE_STRIP = NO;
				DEBUG_INFORMATION_FORMAT = dwarf;
				ENABLE_STRICT_OBJC_MSGSEND = YES;
				ENABLE_TESTABILITY = YES;
				GCC_C_LANGUAGE_STANDARD = gnu11;
				GCC_DYNAMIC_NO_PIC = NO;
				GCC_NO_COMMON_BLOCKS = YES;
				GCC_OPTIMIZATION_LEVEL = 0;
				GCC_PREPROCESSOR_DEFINITIONS = (
					"DEBUG=1",
					"$(inherited)",
				);
				GCC_WARN_64_TO_32_BIT_CONVERSION = YES;
				GCC_WARN_ABOUT_RETURN_TYPE = YES_ERROR;
				GCC_WARN_UNDECLARED_SELECTOR = YES;
				GCC_WARN_UNINITIALIZED_AUTOS = YES_AGGRESSIVE;
				GCC_WARN_UNUSED_FUNCTION = YES;
				GCC_WARN_UNUSED_VARIABLE = YES;
				IPHONEOS_DEPLOYMENT_TARGET = 11.4;
				MTL_ENABLE_DEBUG_INFO = YES;
				ONLY_ACTIVE_ARCH = YES;
				SDKROOT = iphoneos;
				SWIFT_ACTIVE_COMPILATION_CONDITIONS = DEBUG;
				SWIFT_OPTIMIZATION_LEVEL = "-Onone";
			};
			name = Debug;
		};
		844315F92109B047000D41B8 /* Release */ = {
			isa = XCBuildConfiguration;
			buildSettings = {
				ALWAYS_SEARCH_USER_PATHS = NO;
				CLANG_ANALYZER_NONNULL = YES;
				CLANG_ANALYZER_NUMBER_OBJECT_CONVERSION = YES_AGGRESSIVE;
				CLANG_CXX_LANGUAGE_STANDARD = "gnu++14";
				CLANG_CXX_LIBRARY = "libc++";
				CLANG_ENABLE_MODULES = YES;
				CLANG_ENABLE_OBJC_ARC = YES;
				CLANG_ENABLE_OBJC_WEAK = YES;
				CLANG_WARN_BLOCK_CAPTURE_AUTORELEASING = YES;
				CLANG_WARN_BOOL_CONVERSION = YES;
				CLANG_WARN_COMMA = YES;
				CLANG_WARN_CONSTANT_CONVERSION = YES;
				CLANG_WARN_DEPRECATED_OBJC_IMPLEMENTATIONS = YES;
				CLANG_WARN_DIRECT_OBJC_ISA_USAGE = YES_ERROR;
				CLANG_WARN_DOCUMENTATION_COMMENTS = YES;
				CLANG_WARN_EMPTY_BODY = YES;
				CLANG_WARN_ENUM_CONVERSION = YES;
				CLANG_WARN_INFINITE_RECURSION = YES;
				CLANG_WARN_INT_CONVERSION = YES;
				CLANG_WARN_NON_LITERAL_NULL_CONVERSION = YES;
				CLANG_WARN_OBJC_IMPLICIT_RETAIN_SELF = YES;
				CLANG_WARN_OBJC_LITERAL_CONVERSION = YES;
				CLANG_WARN_OBJC_ROOT_CLASS = YES_ERROR;
				CLANG_WARN_RANGE_LOOP_ANALYSIS = YES;
				CLANG_WARN_STRICT_PROTOTYPES = YES;
				CLANG_WARN_SUSPICIOUS_MOVE = YES;
				CLANG_WARN_UNGUARDED_AVAILABILITY = YES_AGGRESSIVE;
				CLANG_WARN_UNREACHABLE_CODE = YES;
				CLANG_WARN__DUPLICATE_METHOD_MATCH = YES;
				CODE_SIGN_IDENTITY = "iPhone Developer";
				COPY_PHASE_STRIP = NO;
				DEBUG_INFORMATION_FORMAT = "dwarf-with-dsym";
				ENABLE_NS_ASSERTIONS = NO;
				ENABLE_STRICT_OBJC_MSGSEND = YES;
				GCC_C_LANGUAGE_STANDARD = gnu11;
				GCC_NO_COMMON_BLOCKS = YES;
				GCC_WARN_64_TO_32_BIT_CONVERSION = YES;
				GCC_WARN_ABOUT_RETURN_TYPE = YES_ERROR;
				GCC_WARN_UNDECLARED_SELECTOR = YES;
				GCC_WARN_UNINITIALIZED_AUTOS = YES_AGGRESSIVE;
				GCC_WARN_UNUSED_FUNCTION = YES;
				GCC_WARN_UNUSED_VARIABLE = YES;
				IPHONEOS_DEPLOYMENT_TARGET = 11.4;
				MTL_ENABLE_DEBUG_INFO = NO;
				SDKROOT = iphoneos;
				SWIFT_COMPILATION_MODE = wholemodule;
				SWIFT_OPTIMIZATION_LEVEL = "-O";
				VALIDATE_PRODUCT = YES;
			};
			name = Release;
		};
		844315FB2109B047000D41B8 /* Debug */ = {
			isa = XCBuildConfiguration;
			buildSettings = {
				ASSETCATALOG_COMPILER_APPICON_NAME = AppIcon;
				CODE_SIGN_STYLE = Automatic;
				DEVELOPMENT_TEAM = DF4TM3GVMC;
				INFOPLIST_FILE = adblock/Info.plist;
				LD_RUNPATH_SEARCH_PATHS = (
					"$(inherited)",
					"@executable_path/Frameworks",
				);
				PRODUCT_BUNDLE_IDENTIFIER = admin.adblock;
				PRODUCT_NAME = "$(TARGET_NAME)";
				SWIFT_VERSION = 4.0;
				TARGETED_DEVICE_FAMILY = "1,2";
			};
			name = Debug;
		};
		844315FC2109B047000D41B8 /* Release */ = {
			isa = XCBuildConfiguration;
			buildSettings = {
				ASSETCATALOG_COMPILER_APPICON_NAME = AppIcon;
				CODE_SIGN_STYLE = Automatic;
				DEVELOPMENT_TEAM = DF4TM3GVMC;
				INFOPLIST_FILE = adblock/Info.plist;
				LD_RUNPATH_SEARCH_PATHS = (
					"$(inherited)",
					"@executable_path/Frameworks",
				);
				PRODUCT_BUNDLE_IDENTIFIER = admin.adblock;
				PRODUCT_NAME = "$(TARGET_NAME)";
				SWIFT_VERSION = 4.0;
				TARGETED_DEVICE_FAMILY = "1,2";
			};
			name = Release;
		};
		844315FE2109B047000D41B8 /* Debug */ = {
			isa = XCBuildConfiguration;
			buildSettings = {
				ALWAYS_EMBED_SWIFT_STANDARD_LIBRARIES = YES;
				BUNDLE_LOADER = "$(TEST_HOST)";
				CODE_SIGN_STYLE = Automatic;
				DEVELOPMENT_TEAM = DF4TM3GVMC;
				INFOPLIST_FILE = adblockTests/Info.plist;
				LD_RUNPATH_SEARCH_PATHS = (
					"$(inherited)",
					"@executable_path/Frameworks",
					"@loader_path/Frameworks",
				);
				PRODUCT_BUNDLE_IDENTIFIER = admin.adblockTests;
				PRODUCT_NAME = "$(TARGET_NAME)";
				SWIFT_VERSION = 4.0;
				TARGETED_DEVICE_FAMILY = "1,2";
				TEST_HOST = "$(BUILT_PRODUCTS_DIR)/adblock.app/adblock";
			};
			name = Debug;
		};
		844315FF2109B047000D41B8 /* Release */ = {
			isa = XCBuildConfiguration;
			buildSettings = {
				ALWAYS_EMBED_SWIFT_STANDARD_LIBRARIES = YES;
				BUNDLE_LOADER = "$(TEST_HOST)";
				CODE_SIGN_STYLE = Automatic;
				DEVELOPMENT_TEAM = DF4TM3GVMC;
				INFOPLIST_FILE = adblockTests/Info.plist;
				LD_RUNPATH_SEARCH_PATHS = (
					"$(inherited)",
					"@executable_path/Frameworks",
					"@loader_path/Frameworks",
				);
				PRODUCT_BUNDLE_IDENTIFIER = admin.adblockTests;
				PRODUCT_NAME = "$(TARGET_NAME)";
				SWIFT_VERSION = 4.0;
				TARGETED_DEVICE_FAMILY = "1,2";
				TEST_HOST = "$(BUILT_PRODUCTS_DIR)/adblock.app/adblock";
			};
			name = Release;
		};
		844316012109B047000D41B8 /* Debug */ = {
			isa = XCBuildConfiguration;
			buildSettings = {
				ALWAYS_EMBED_SWIFT_STANDARD_LIBRARIES = YES;
				CODE_SIGN_STYLE = Automatic;
				DEVELOPMENT_TEAM = DF4TM3GVMC;
				INFOPLIST_FILE = adblockUITests/Info.plist;
				LD_RUNPATH_SEARCH_PATHS = (
					"$(inherited)",
					"@executable_path/Frameworks",
					"@loader_path/Frameworks",
				);
				PRODUCT_BUNDLE_IDENTIFIER = admin.adblockUITests;
				PRODUCT_NAME = "$(TARGET_NAME)";
				SWIFT_VERSION = 4.0;
				TARGETED_DEVICE_FAMILY = "1,2";
				TEST_TARGET_NAME = adblock;
			};
			name = Debug;
		};
		844316022109B047000D41B8 /* Release */ = {
			isa = XCBuildConfiguration;
			buildSettings = {
				ALWAYS_EMBED_SWIFT_STANDARD_LIBRARIES = YES;
				CODE_SIGN_STYLE = Automatic;
				DEVELOPMENT_TEAM = DF4TM3GVMC;
				INFOPLIST_FILE = adblockUITests/Info.plist;
				LD_RUNPATH_SEARCH_PATHS = (
					"$(inherited)",
					"@executable_path/Frameworks",
					"@loader_path/Frameworks",
				);
				PRODUCT_BUNDLE_IDENTIFIER = admin.adblockUITests;
				PRODUCT_NAME = "$(TARGET_NAME)";
				SWIFT_VERSION = 4.0;
				TARGETED_DEVICE_FAMILY = "1,2";
				TEST_TARGET_NAME = adblock;
			};
			name = Release;
		};
/* End XCBuildConfiguration section */

/* Begin XCConfigurationList section */
		844315CD2109B045000D41B8 /* Build configuration list for PBXProject "adblock" */ = {
			isa = XCConfigurationList;
			buildConfigurations = (
				844315F82109B047000D41B8 /* Debug */,
				844315F92109B047000D41B8 /* Release */,
			);
			defaultConfigurationIsVisible = 0;
			defaultConfigurationName = Release;
		};
		844315FA2109B047000D41B8 /* Build configuration list for PBXNativeTarget "adblock" */ = {
			isa = XCConfigurationList;
			buildConfigurations = (
				844315FB2109B047000D41B8 /* Debug */,
				844315FC2109B047000D41B8 /* Release */,
			);
			defaultConfigurationIsVisible = 0;
			defaultConfigurationName = Release;
		};
		844315FD2109B047000D41B8 /* Build configuration list for PBXNativeTarget "adblockTests" */ = {
			isa = XCConfigurationList;
			buildConfigurations = (
				844315FE2109B047000D41B8 /* Debug */,
				844315FF2109B047000D41B8 /* Release */,
			);
			defaultConfigurationIsVisible = 0;
			defaultConfigurationName = Release;
		};
		844316002109B047000D41B8 /* Build configuration list for PBXNativeTarget "adblockUITests" */ = {
			isa = XCConfigurationList;
			buildConfigurations = (
				844316012109B047000D41B8 /* Debug */,
				844316022109B047000D41B8 /* Release */,
			);
			defaultConfigurationIsVisible = 0;
			defaultConfigurationName = Release;
		};
/* End XCConfigurationList section */
	};
	rootObject = 844315CA2109B045000D41B8 /* Project object */;
}
